// !$*UTF8*$!
{
	archiveVersion = 1;
	classes = {
	};
	objectVersion = 46;
	objects = {

/* Begin PBXBuildFile section */
		623176641BC896E800A989B2 /* main.m in Sources */ = {isa = PBXBuildFile; fileRef = 623176631BC896E800A989B2 /* main.m */; };
		623176671BC896E800A989B2 /* AppDelegate.m in Sources */ = {isa = PBXBuildFile; fileRef = 623176661BC896E800A989B2 /* AppDelegate.m */; };
		6231766A1BC896E800A989B2 /* ViewController.m in Sources */ = {isa = PBXBuildFile; fileRef = 623176691BC896E800A989B2 /* ViewController.m */; };
		6231766D1BC896E800A989B2 /* Main.storyboard in Resources */ = {isa = PBXBuildFile; fileRef = 6231766B1BC896E800A989B2 /* Main.storyboard */; };
		6231766F1BC896E800A989B2 /* Assets.xcassets in Resources */ = {isa = PBXBuildFile; fileRef = 6231766E1BC896E800A989B2 /* Assets.xcassets */; };
		6231767D1BC896E800A989B2 /* YGChatViewTests.m in Sources */ = {isa = PBXBuildFile; fileRef = 6231767C1BC896E800A989B2 /* YGChatViewTests.m */; };
		6231771B1BC898D100A989B2 /* AKPickerView.m in Sources */ = {isa = PBXBuildFile; fileRef = 6231769A1BC898D000A989B2 /* AKPickerView.m */; };
		623177531BC898D100A989B2 /* chatView.m in Sources */ = {isa = PBXBuildFile; fileRef = 623177161BC898D100A989B2 /* chatView.m */; };
		623177541BC898D100A989B2 /* InfoView.m in Sources */ = {isa = PBXBuildFile; fileRef = 623177181BC898D100A989B2 /* InfoView.m */; };
		623177551BC898D100A989B2 /* UIKit+DrawingHelpers.m in Sources */ = {isa = PBXBuildFile; fileRef = 6231771A1BC898D100A989B2 /* UIKit+DrawingHelpers.m */; };
		623177571BC8998900A989B2 /* QuartzCore.framework in Frameworks */ = {isa = PBXBuildFile; fileRef = 623177561BC8998900A989B2 /* QuartzCore.framework */; };
		623177591BC8999300A989B2 /* MessageUI.framework in Frameworks */ = {isa = PBXBuildFile; fileRef = 623177581BC8999300A989B2 /* MessageUI.framework */; };
		6231775B1BC8999C00A989B2 /* CoreGraphics.framework in Frameworks */ = {isa = PBXBuildFile; fileRef = 6231775A1BC8999C00A989B2 /* CoreGraphics.framework */; };
		6231775D1BC899A500A989B2 /* Foundation.framework in Frameworks */ = {isa = PBXBuildFile; fileRef = 6231775C1BC899A500A989B2 /* Foundation.framework */; };
		6231775F1BC899AF00A989B2 /* UIKit.framework in Frameworks */ = {isa = PBXBuildFile; fileRef = 6231775E1BC899AF00A989B2 /* UIKit.framework */; };
		6276F6F71BFACA4100044A60 /* record.plist in Resources */ = {isa = PBXBuildFile; fileRef = 6276F6F61BFACA4100044A60 /* record.plist */; };
/* End PBXBuildFile section */

/* Begin PBXContainerItemProxy section */
		623176791BC896E800A989B2 /* PBXContainerItemProxy */ = {
			isa = PBXContainerItemProxy;
			containerPortal = 623176571BC896E800A989B2 /* Project object */;
			proxyType = 1;
			remoteGlobalIDString = 6231765E1BC896E800A989B2;
			remoteInfo = YGChatView;
		};
/* End PBXContainerItemProxy section */

/* Begin PBXFileReference section */
		6231765F1BC896E800A989B2 /* YGChatView.app */ = {isa = PBXFileReference; explicitFileType = wrapper.application; includeInIndex = 0; path = YGChatView.app; sourceTree = BUILT_PRODUCTS_DIR; };
		623176631BC896E800A989B2 /* main.m */ = {isa = PBXFileReference; lastKnownFileType = sourcecode.c.objc; path = main.m; sourceTree = "<group>"; };
		623176651BC896E800A989B2 /* AppDelegate.h */ = {isa = PBXFileReference; lastKnownFileType = sourcecode.c.h; path = AppDelegate.h; sourceTree = "<group>"; };
		623176661BC896E800A989B2 /* AppDelegate.m */ = {isa = PBXFileReference; lastKnownFileType = sourcecode.c.objc; path = AppDelegate.m; sourceTree = "<group>"; };
		623176681BC896E800A989B2 /* ViewController.h */ = {isa = PBXFileReference; lastKnownFileType = sourcecode.c.h; path = ViewController.h; sourceTree = "<group>"; };
		623176691BC896E800A989B2 /* ViewController.m */ = {isa = PBXFileReference; lastKnownFileType = sourcecode.c.objc; path = ViewController.m; sourceTree = "<group>"; };
		6231766C1BC896E800A989B2 /* Base */ = {isa = PBXFileReference; lastKnownFileType = file.storyboard; name = Base; path = Base.lproj/Main.storyboard; sourceTree = "<group>"; };
		6231766E1BC896E800A989B2 /* Assets.xcassets */ = {isa = PBXFileReference; lastKnownFileType = folder.assetcatalog; path = Assets.xcassets; sourceTree = "<group>"; };
		623176731BC896E800A989B2 /* Info.plist */ = {isa = PBXFileReference; lastKnownFileType = text.plist.xml; path = Info.plist; sourceTree = "<group>"; };
		623176781BC896E800A989B2 /* YGChatViewTests.xctest */ = {isa = PBXFileReference; explicitFileType = wrapper.cfbundle; includeInIndex = 0; path = YGChatViewTests.xctest; sourceTree = BUILT_PRODUCTS_DIR; };
		6231767C1BC896E800A989B2 /* YGChatViewTests.m */ = {isa = PBXFileReference; lastKnownFileType = sourcecode.c.objc; path = YGChatViewTests.m; sourceTree = "<group>"; };
		6231767E1BC896E800A989B2 /* Info.plist */ = {isa = PBXFileReference; lastKnownFileType = text.plist.xml; path = Info.plist; sourceTree = "<group>"; };
		623176871BC896E800A989B2 /* YGChatViewUITests.m */ = {isa = PBXFileReference; lastKnownFileType = sourcecode.c.objc; path = YGChatViewUITests.m; sourceTree = "<group>"; };
		623176891BC896E800A989B2 /* Info.plist */ = {isa = PBXFileReference; lastKnownFileType = text.plist.xml; path = Info.plist; sourceTree = "<group>"; };
		623176991BC898D000A989B2 /* AKPickerView.h */ = {isa = PBXFileReference; fileEncoding = 4; lastKnownFileType = sourcecode.c.h; path = AKPickerView.h; sourceTree = "<group>"; };
		6231769A1BC898D000A989B2 /* AKPickerView.m */ = {isa = PBXFileReference; fileEncoding = 4; lastKnownFileType = sourcecode.c.objc; path = AKPickerView.m; sourceTree = "<group>"; };
		623177151BC898D100A989B2 /* chatView.h */ = {isa = PBXFileReference; fileEncoding = 4; lastKnownFileType = sourcecode.c.h; path = chatView.h; sourceTree = "<group>"; };
		623177161BC898D100A989B2 /* chatView.m */ = {isa = PBXFileReference; fileEncoding = 4; lastKnownFileType = sourcecode.c.objc; path = chatView.m; sourceTree = "<group>"; };
		623177171BC898D100A989B2 /* InfoView.h */ = {isa = PBXFileReference; fileEncoding = 4; lastKnownFileType = sourcecode.c.h; path = InfoView.h; sourceTree = "<group>"; };
		623177181BC898D100A989B2 /* InfoView.m */ = {isa = PBXFileReference; fileEncoding = 4; lastKnownFileType = sourcecode.c.objc; path = InfoView.m; sourceTree = "<group>"; };
		623177191BC898D100A989B2 /* UIKit+DrawingHelpers.h */ = {isa = PBXFileReference; fileEncoding = 4; lastKnownFileType = sourcecode.c.h; path = "UIKit+DrawingHelpers.h"; sourceTree = "<group>"; };
		6231771A1BC898D100A989B2 /* UIKit+DrawingHelpers.m */ = {isa = PBXFileReference; fileEncoding = 4; lastKnownFileType = sourcecode.c.objc; path = "UIKit+DrawingHelpers.m"; sourceTree = "<group>"; };
		623177561BC8998900A989B2 /* QuartzCore.framework */ = {isa = PBXFileReference; lastKnownFileType = wrapper.framework; name = QuartzCore.framework; path = System/Library/Frameworks/QuartzCore.framework; sourceTree = SDKROOT; };
		623177581BC8999300A989B2 /* MessageUI.framework */ = {isa = PBXFileReference; lastKnownFileType = wrapper.framework; name = MessageUI.framework; path = System/Library/Frameworks/MessageUI.framework; sourceTree = SDKROOT; };
		6231775A1BC8999C00A989B2 /* CoreGraphics.framework */ = {isa = PBXFileReference; lastKnownFileType = wrapper.framework; name = CoreGraphics.framework; path = System/Library/Frameworks/CoreGraphics.framework; sourceTree = SDKROOT; };
		6231775C1BC899A500A989B2 /* Foundation.framework */ = {isa = PBXFileReference; lastKnownFileType = wrapper.framework; name = Foundation.framework; path = System/Library/Frameworks/Foundation.framework; sourceTree = SDKROOT; };
		6231775E1BC899AF00A989B2 /* UIKit.framework */ = {isa = PBXFileReference; lastKnownFileType = wrapper.framework; name = UIKit.framework; path = System/Library/Frameworks/UIKit.framework; sourceTree = SDKROOT; };
		6276F6F61BFACA4100044A60 /* record.plist */ = {isa = PBXFileReference; fileEncoding = 4; lastKnownFileType = text.plist.xml; path = record.plist; sourceTree = "<group>"; };
/* End PBXFileReference section */

/* Begin PBXFrameworksBuildPhase section */
		6231765C1BC896E800A989B2 /* Frameworks */ = {
			isa = PBXFrameworksBuildPhase;
			buildActionMask = 2147483647;
			files = (
				6231775F1BC899AF00A989B2 /* UIKit.framework in Frameworks */,
				6231775D1BC899A500A989B2 /* Foundation.framework in Frameworks */,
				6231775B1BC8999C00A989B2 /* CoreGraphics.framework in Frameworks */,
				623177591BC8999300A989B2 /* MessageUI.framework in Frameworks */,
				623177571BC8998900A989B2 /* QuartzCore.framework in Frameworks */,
			);
			runOnlyForDeploymentPostprocessing = 0;
		};
		623176751BC896E800A989B2 /* Frameworks */ = {
			isa = PBXFrameworksBuildPhase;
			buildActionMask = 2147483647;
			files = (
			);
			runOnlyForDeploymentPostprocessing = 0;
		};
/* End PBXFrameworksBuildPhase section */

/* Begin PBXGroup section */
		623176561BC896E800A989B2 = {
			isa = PBXGroup;
			children = (
				623176611BC896E800A989B2 /* YGChatView */,
				6231767B1BC896E800A989B2 /* YGChatViewTests */,
				623176861BC896E800A989B2 /* YGChatViewUITests */,
				623176601BC896E800A989B2 /* Products */,
			);
			sourceTree = "<group>";
		};
		623176601BC896E800A989B2 /* Products */ = {
			isa = PBXGroup;
			children = (
				6231765F1BC896E800A989B2 /* YGChatView.app */,
				623176781BC896E800A989B2 /* YGChatViewTests.xctest */,
			);
			name = Products;
			sourceTree = "<group>";
		};
		623176611BC896E800A989B2 /* YGChatView */ = {
			isa = PBXGroup;
			children = (
				623176651BC896E800A989B2 /* AppDelegate.h */,
				623176661BC896E800A989B2 /* AppDelegate.m */,
				623176681BC896E800A989B2 /* ViewController.h */,
				623176691BC896E800A989B2 /* ViewController.m */,
				6231766B1BC896E800A989B2 /* Main.storyboard */,
				6231766E1BC896E800A989B2 /* Assets.xcassets */,
				623176731BC896E800A989B2 /* Info.plist */,
				623176971BC898D000A989B2 /* library */,
				623176621BC896E800A989B2 /* Supporting Files */,
				6276F6F61BFACA4100044A60 /* record.plist */,
			);
			path = YGChatView;
			sourceTree = "<group>";
		};
		623176621BC896E800A989B2 /* Supporting Files */ = {
			isa = PBXGroup;
			children = (
				6231775E1BC899AF00A989B2 /* UIKit.framework */,
				6231775C1BC899A500A989B2 /* Foundation.framework */,
				6231775A1BC8999C00A989B2 /* CoreGraphics.framework */,
				623177581BC8999300A989B2 /* MessageUI.framework */,
				623177561BC8998900A989B2 /* QuartzCore.framework */,
				623176631BC896E800A989B2 /* main.m */,
			);
			name = "Supporting Files";
			sourceTree = "<group>";
		};
		6231767B1BC896E800A989B2 /* YGChatViewTests */ = {
			isa = PBXGroup;
			children = (
				6231767C1BC896E800A989B2 /* YGChatViewTests.m */,
				6231767E1BC896E800A989B2 /* Info.plist */,
			);
			path = YGChatViewTests;
			sourceTree = "<group>";
		};
		623176861BC896E800A989B2 /* YGChatViewUITests */ = {
			isa = PBXGroup;
			children = (
				623176871BC896E800A989B2 /* YGChatViewUITests.m */,
				623176891BC896E800A989B2 /* Info.plist */,
			);
			path = YGChatViewUITests;
			sourceTree = "<group>";
		};
		623176971BC898D000A989B2 /* library */ = {
			isa = PBXGroup;
			children = (
				623176981BC898D000A989B2 /* AKPickerView */,
				623177141BC898D100A989B2 /* YGChartLine */,
			);
			path = library;
			sourceTree = "<group>";
		};
		623176981BC898D000A989B2 /* AKPickerView */ = {
			isa = PBXGroup;
			children = (
				623176991BC898D000A989B2 /* AKPickerView.h */,
				6231769A1BC898D000A989B2 /* AKPickerView.m */,
			);
			path = AKPickerView;
			sourceTree = "<group>";
		};
		623177141BC898D100A989B2 /* YGChartLine */ = {
			isa = PBXGroup;
			children = (
				623177151BC898D100A989B2 /* chatView.h */,
				623177161BC898D100A989B2 /* chatView.m */,
				623177171BC898D100A989B2 /* InfoView.h */,
				623177181BC898D100A989B2 /* InfoView.m */,
				623177191BC898D100A989B2 /* UIKit+DrawingHelpers.h */,
				6231771A1BC898D100A989B2 /* UIKit+DrawingHelpers.m */,
			);
			path = YGChartLine;
			sourceTree = "<group>";
		};
/* End PBXGroup section */

/* Begin PBXNativeTarget section */
		6231765E1BC896E800A989B2 /* YGChatView */ = {
			isa = PBXNativeTarget;
			buildConfigurationList = 6231768C1BC896E800A989B2 /* Build configuration list for PBXNativeTarget "YGChatView" */;
			buildPhases = (
				6231765B1BC896E800A989B2 /* Sources */,
				6231765C1BC896E800A989B2 /* Frameworks */,
				6231765D1BC896E800A989B2 /* Resources */,
			);
			buildRules = (
			);
			dependencies = (
			);
			name = YGChatView;
			productName = YGChatView;
			productReference = 6231765F1BC896E800A989B2 /* YGChatView.app */;
			productType = "com.apple.product-type.application";
		};
		623176771BC896E800A989B2 /* YGChatViewTests */ = {
			isa = PBXNativeTarget;
			buildConfigurationList = 6231768F1BC896E800A989B2 /* Build configuration list for PBXNativeTarget "YGChatViewTests" */;
			buildPhases = (
				623176741BC896E800A989B2 /* Sources */,
				623176751BC896E800A989B2 /* Frameworks */,
				623176761BC896E800A989B2 /* Resources */,
			);
			buildRules = (
			);
			dependencies = (
				6231767A1BC896E800A989B2 /* PBXTargetDependency */,
			);
			name = YGChatViewTests;
			productName = YGChatViewTests;
			productReference = 623176781BC896E800A989B2 /* YGChatViewTests.xctest */;
			productType = "com.apple.product-type.bundle.unit-test";
		};
/* End PBXNativeTarget section */

/* Begin PBXProject section */
		623176571BC896E800A989B2 /* Project object */ = {
			isa = PBXProject;
			attributes = {
				LastUpgradeCheck = 0700;
				ORGANIZATIONNAME = "徐永刚";
				TargetAttributes = {
					6231765E1BC896E800A989B2 = {
						CreatedOnToolsVersion = 7.0;
						DevelopmentTeam = 62G84Z3MVG;
					};
					623176771BC896E800A989B2 = {
						CreatedOnToolsVersion = 7.0;
						TestTargetID = 6231765E1BC896E800A989B2;
					};
				};
			};
			buildConfigurationList = 6231765A1BC896E800A989B2 /* Build configuration list for PBXProject "YGChatView" */;
			compatibilityVersion = "Xcode 3.2";
			developmentRegion = English;
			hasScannedForEncodings = 0;
			knownRegions = (
				en,
				Base,
			);
			mainGroup = 623176561BC896E800A989B2;
			productRefGroup = 623176601BC896E800A989B2 /* Products */;
			projectDirPath = "";
			projectRoot = "";
			targets = (
				6231765E1BC896E800A989B2 /* YGChatView */,
				623176771BC896E800A989B2 /* YGChatViewTests */,
			);
		};
/* End PBXProject section */

/* Begin PBXResourcesBuildPhase section */
		6231765D1BC896E800A989B2 /* Resources */ = {
			isa = PBXResourcesBuildPhase;
			buildActionMask = 2147483647;
			files = (
				6231766F1BC896E800A989B2 /* Assets.xcassets in Resources */,
				6276F6F71BFACA4100044A60 /* record.plist in Resources */,
				6231766D1BC896E800A989B2 /* Main.storyboard in Resources */,
			);
			runOnlyForDeploymentPostprocessing = 0;
		};
		623176761BC896E800A989B2 /* Resources */ = {
			isa = PBXResourcesBuildPhase;
			buildActionMask = 2147483647;
			files = (
			);
			runOnlyForDeploymentPostprocessing = 0;
		};
/* End PBXResourcesBuildPhase section */

/* Begin PBXSourcesBuildPhase section */
		6231765B1BC896E800A989B2 /* Sources */ = {
			isa = PBXSourcesBuildPhase;
			buildActionMask = 2147483647;
			files = (
				623177531BC898D100A989B2 /* chatView.m in Sources */,
				6231766A1BC896E800A989B2 /* ViewController.m in Sources */,
				623177541BC898D100A989B2 /* InfoView.m in Sources */,
				623176671BC896E800A989B2 /* AppDelegate.m in Sources */,
				623177551BC898D100A989B2 /* UIKit+DrawingHelpers.m in Sources */,
				6231771B1BC898D100A989B2 /* AKPickerView.m in Sources */,
				623176641BC896E800A989B2 /* main.m in Sources */,
			);
			runOnlyForDeploymentPostprocessing = 0;
		};
		623176741BC896E800A989B2 /* Sources */ = {
			isa = PBXSourcesBuildPhase;
			buildActionMask = 2147483647;
			files = (
				6231767D1BC896E800A989B2 /* YGChatViewTests.m in Sources */,
			);
			runOnlyForDeploymentPostprocessing = 0;
		};
/* End PBXSourcesBuildPhase section */

/* Begin PBXTargetDependency section */
		6231767A1BC896E800A989B2 /* PBXTargetDependency */ = {
			isa = PBXTargetDependency;
			target = 6231765E1BC896E800A989B2 /* YGChatView */;
			targetProxy = 623176791BC896E800A989B2 /* PBXContainerItemProxy */;
		};
/* End PBXTargetDependency section */

/* Begin PBXVariantGroup section */
		6231766B1BC896E800A989B2 /* Main.storyboard */ = {
			isa = PBXVariantGroup;
			children = (
				6231766C1BC896E800A989B2 /* Base */,
			);
			name = Main.storyboard;
			sourceTree = "<group>";
		};
/* End PBXVariantGroup section */

/* Begin XCBuildConfiguration section */
		6231768A1BC896E800A989B2 /* Debug */ = {
			isa = XCBuildConfiguration;
			buildSettings = {
				ALWAYS_SEARCH_USER_PATHS = NO;
				CLANG_CXX_LANGUAGE_STANDARD = "gnu++0x";
				CLANG_CXX_LIBRARY = "libc++";
				CLANG_ENABLE_MODULES = YES;
				CLANG_ENABLE_OBJC_ARC = YES;
				CLANG_WARN_BOOL_CONVERSION = YES;
				CLANG_WARN_CONSTANT_CONVERSION = YES;
				CLANG_WARN_DIRECT_OBJC_ISA_USAGE = YES_ERROR;
				CLANG_WARN_EMPTY_BODY = YES;
				CLANG_WARN_ENUM_CONVERSION = YES;
				CLANG_WARN_INT_CONVERSION = YES;
				CLANG_WARN_OBJC_ROOT_CLASS = YES_ERROR;
				CLANG_WARN_UNREACHABLE_CODE = YES;
				CLANG_WARN__DUPLICATE_METHOD_MATCH = YES;
				"CODE_SIGN_IDENTITY[sdk=iphoneos*]" = "iPhone Developer";
				COPY_PHASE_STRIP = NO;
				DEBUG_INFORMATION_FORMAT = dwarf;
				ENABLE_STRICT_OBJC_MSGSEND = YES;
				ENABLE_TESTABILITY = YES;
				GCC_C_LANGUAGE_STANDARD = gnu99;
				GCC_DYNAMIC_NO_PIC = NO;
				GCC_NO_COMMON_BLOCKS = YES;
				GCC_OPTIMIZATION_LEVEL = 0;
				GCC_PREPROCESSOR_DEFINITIONS = (
					"DEBUG=1",
					"$(inherited)",
				);
				GCC_WARN_64_TO_32_BIT_CONVERSION = YES;
				GCC_WARN_ABOUT_RETURN_TYPE = YES_ERROR;
				GCC_WARN_UNDECLARED_SELECTOR = YES;
				GCC_WARN_UNINITIALIZED_AUTOS = YES_AGGRESSIVE;
				GCC_WARN_UNUSED_FUNCTION = YES;
				GCC_WARN_UNUSED_VARIABLE = YES;
				IPHONEOS_DEPLOYMENT_TARGET = 9.0;
				MTL_ENABLE_DEBUG_INFO = YES;
				ONLY_ACTIVE_ARCH = YES;
				SDKROOT = iphoneos;
				TARGETED_DEVICE_FAMILY = "1,2";
			};
			name = Debug;
		};
		6231768B1BC896E800A989B2 /* Release */ = {
			isa = XCBuildConfiguration;
			buildSettings = {
				ALWAYS_SEARCH_USER_PATHS = NO;
				CLANG_CXX_LANGUAGE_STANDARD = "gnu++0x";
				CLANG_CXX_LIBRARY = "libc++";
				CLANG_ENABLE_MODULES = YES;
				CLANG_ENABLE_OBJC_ARC = YES;
				CLANG_WARN_BOOL_CONVERSION = YES;
				CLANG_WARN_CONSTANT_CONVERSION = YES;
				CLANG_WARN_DIRECT_OBJC_ISA_USAGE = YES_ERROR;
				CLANG_WARN_EMPTY_BODY = YES;
				CLANG_WARN_ENUM_CONVERSION = YES;
				CLANG_WARN_INT_CONVERSION = YES;
				CLANG_WARN_OBJC_ROOT_CLASS = YES_ERROR;
				CLANG_WARN_UNREACHABLE_CODE = YES;
				CLANG_WARN__DUPLICATE_METHOD_MATCH = YES;
				"CODE_SIGN_IDENTITY[sdk=iphoneos*]" = "iPhone Developer";
				COPY_PHASE_STRIP = NO;
				DEBUG_INFORMATION_FORMAT = "dwarf-with-dsym";
				ENABLE_NS_ASSERTIONS = NO;
				ENABLE_STRICT_OBJC_MSGSEND = YES;
				GCC_C_LANGUAGE_STANDARD = gnu99;
				GCC_NO_COMMON_BLOCKS = YES;
				GCC_WARN_64_TO_32_BIT_CONVERSION = YES;
				GCC_WARN_ABOUT_RETURN_TYPE = YES_ERROR;
				GCC_WARN_UNDECLARED_SELECTOR = YES;
				GCC_WARN_UNINITIALIZED_AUTOS = YES_AGGRESSIVE;
				GCC_WARN_UNUSED_FUNCTION = YES;
				GCC_WARN_UNUSED_VARIABLE = YES;
				IPHONEOS_DEPLOYMENT_TARGET = 9.0;
				MTL_ENABLE_DEBUG_INFO = NO;
				SDKROOT = iphoneos;
				TARGETED_DEVICE_FAMILY = "1,2";
				VALIDATE_PRODUCT = YES;
			};
			name = Release;
		};
		6231768D1BC896E800A989B2 /* Debug */ = {
			isa = XCBuildConfiguration;
			buildSettings = {
				ASSETCATALOG_COMPILER_APPICON_NAME = AppIcon;
				CODE_SIGN_IDENTITY = "iPhone Developer";
				INFOPLIST_FILE = YGChatView/Info.plist;
				IPHONEOS_DEPLOYMENT_TARGET = 8.1;
				LD_RUNPATH_SEARCH_PATHS = "$(inherited) @executable_path/Frameworks";
				PRODUCT_BUNDLE_IDENTIFIER = xC.YGChatView;
				PRODUCT_NAME = "$(TARGET_NAME)";
				TARGETED_DEVICE_FAMILY = 1;
			};
			name = Debug;
		};
		6231768E1BC896E800A989B2 /* Release */ = {
			isa = XCBuildConfiguration;
			buildSettings = {
				ASSETCATALOG_COMPILER_APPICON_NAME = AppIcon;
				CODE_SIGN_IDENTITY = "iPhone Developer";
				INFOPLIST_FILE = YGChatView/Info.plist;
				IPHONEOS_DEPLOYMENT_TARGET = 8.1;
				LD_RUNPATH_SEARCH_PATHS = "$(inherited) @executable_path/Frameworks";
				PRODUCT_BUNDLE_IDENTIFIER = xC.YGChatView;
				PRODUCT_NAME = "$(TARGET_NAME)";
				TARGETED_DEVICE_FAMILY = 1;
			};
			name = Release;
		};
		623176901BC896E800A989B2 /* Debug */ = {
			isa = XCBuildConfiguration;
			buildSettings = {
				BUNDLE_LOADER = "$(TEST_HOST)";
				INFOPLIST_FILE = YGChatViewTests/Info.plist;
				LD_RUNPATH_SEARCH_PATHS = "$(inherited) @executable_path/Frameworks @loader_path/Frameworks";
				PRODUCT_BUNDLE_IDENTIFIER = xC.YGChatViewTests;
				PRODUCT_NAME = "$(TARGET_NAME)";
				TEST_HOST = "$(BUILT_PRODUCTS_DIR)/YGChatView.app/YGChatView";
			};
			name = Debug;
		};
		623176911BC896E800A989B2 /* Release */ = {
			isa = XCBuildConfiguration;
			buildSettings = {
				BUNDLE_LOADER = "$(TEST_HOST)";
				INFOPLIST_FILE = YGChatViewTests/Info.plist;
				LD_RUNPATH_SEARCH_PATHS = "$(inherited) @executable_path/Frameworks @loader_path/Frameworks";
				PRODUCT_BUNDLE_IDENTIFIER = xC.YGChatViewTests;
				PRODUCT_NAME = "$(TARGET_NAME)";
				TEST_HOST = "$(BUILT_PRODUCTS_DIR)/YGChatView.app/YGChatView";
			};
			name = Release;
		};
/* End XCBuildConfiguration section */

/* Begin XCConfigurationList section */
		6231765A1BC896E800A989B2 /* Build configuration list for PBXProject "YGChatView" */ = {
			isa = XCConfigurationList;
			buildConfigurations = (
				6231768A1BC896E800A989B2 /* Debug */,
				6231768B1BC896E800A989B2 /* Release */,
			);
			defaultConfigurationIsVisible = 0;
			defaultConfigurationName = Release;
		};
		6231768C1BC896E800A989B2 /* Build configuration list for PBXNativeTarget "YGChatView" */ = {
			isa = XCConfigurationList;
			buildConfigurations = (
				6231768D1BC896E800A989B2 /* Debug */,
				6231768E1BC896E800A989B2 /* Release */,
			);
			defaultConfigurationIsVisible = 0;
			defaultConfigurationName = Release;
		};
		6231768F1BC896E800A989B2 /* Build configuration list for PBXNativeTarget "YGChatViewTests" */ = {
			isa = XCConfigurationList;
			buildConfigurations = (
				623176901BC896E800A989B2 /* Debug */,
				623176911BC896E800A989B2 /* Release */,
			);
			defaultConfigurationIsVisible = 0;
			defaultConfigurationName = Release;
		};
/* End XCConfigurationList section */
	};
	rootObject = 623176571BC896E800A989B2 /* Project object */;
}
