// !$*UTF8*$!
{
	archiveVersion = 1;
	classes = {
	};
	objectVersion = 46;
	objects = {

/* Begin PBXBuildFile section */
		623176641BC896E800A989B2 /* main.m in Sources */ = {isa = PBXBuildFile; fileRef = 623176631BC896E800A989B2 /* main.m */; };
		623176671BC896E800A989B2 /* AppDelegate.m in Sources */ = {isa = PBXBuildFile; fileRef = 623176661BC896E800A989B2 /* AppDelegate.m */; };
		6231766A1BC896E800A989B2 /* ViewController.m in Sources */ = {isa = PBXBuildFile; fileRef = 623176691BC896E800A989B2 /* ViewController.m */; };
		6231766D1BC896E800A989B2 /* Main.storyboard in Resources */ = {isa = PBXBuildFile; fileRef = 6231766B1BC896E800A989B2 /* Main.storyboard */; };
		6231766F1BC896E800A989B2 /* Assets.xcassets in Resources */ = {isa = PBXBuildFile; fileRef = 6231766E1BC896E800A989B2 /* Assets.xcassets */; };
		6231767D1BC896E800A989B2 /* YGChatViewTests.m in Sources */ = {isa = PBXBuildFile; fileRef = 6231767C1BC896E800A989B2 /* YGChatViewTests.m */; };
		6231771B1BC898D100A989B2 /* AKPickerView.m in Sources */ = {isa = PBXBuildFile; fileRef = 6231769A1BC898D000A989B2 /* AKPickerView.m */; };
		6231771C1BC898D100A989B2 /* BabyBluetooth.m in Sources */ = {isa = PBXBuildFile; fileRef = 6231769D1BC898D000A989B2 /* BabyBluetooth.m */; };
		6231771D1BC898D100A989B2 /* BabyCallback.m in Sources */ = {isa = PBXBuildFile; fileRef = 6231769F1BC898D000A989B2 /* BabyCallback.m */; };
		6231771E1BC898D100A989B2 /* BabyOptions.m in Sources */ = {isa = PBXBuildFile; fileRef = 623176A11BC898D000A989B2 /* BabyOptions.m */; };
		6231771F1BC898D100A989B2 /* BabyRhythm.m in Sources */ = {isa = PBXBuildFile; fileRef = 623176A31BC898D000A989B2 /* BabyRhythm.m */; };
		623177201BC898D100A989B2 /* Babysister.m in Sources */ = {isa = PBXBuildFile; fileRef = 623176A51BC898D000A989B2 /* Babysister.m */; };
		623177211BC898D100A989B2 /* BabySpeaker.m in Sources */ = {isa = PBXBuildFile; fileRef = 623176A71BC898D000A989B2 /* BabySpeaker.m */; };
		623177221BC898D100A989B2 /* BabyToy.m in Sources */ = {isa = PBXBuildFile; fileRef = 623176A91BC898D000A989B2 /* BabyToy.m */; };
		623177231BC898D100A989B2 /* BlurryModalSegue.m in Sources */ = {isa = PBXBuildFile; fileRef = 623176AC1BC898D000A989B2 /* BlurryModalSegue.m */; };
		623177241BC898D100A989B2 /* MZAppearance.m in Sources */ = {isa = PBXBuildFile; fileRef = 623176AF1BC898D100A989B2 /* MZAppearance.m */; };
		623177251BC898D100A989B2 /* NSInvocation+Copy.m in Sources */ = {isa = PBXBuildFile; fileRef = 623176B11BC898D100A989B2 /* NSInvocation+Copy.m */; };
		623177261BC898D100A989B2 /* LICENSE in Resources */ = {isa = PBXBuildFile; fileRef = 623176B31BC898D100A989B2 /* LICENSE */; };
		623177271BC898D100A989B2 /* README.md in Sources */ = {isa = PBXBuildFile; fileRef = 623176B41BC898D100A989B2 /* README.md */; };
		623177281BC898D100A989B2 /* UIImage+BlurredFrame.m in Sources */ = {isa = PBXBuildFile; fileRef = 623176B61BC898D100A989B2 /* UIImage+BlurredFrame.m */; };
		623177291BC898D100A989B2 /* UIImage+ImageEffects.m in Sources */ = {isa = PBXBuildFile; fileRef = 623176B81BC898D100A989B2 /* UIImage+ImageEffects.m */; };
		6231772A1BC898D100A989B2 /* area.plist in Resources */ = {isa = PBXBuildFile; fileRef = 623176BB1BC898D100A989B2 /* area.plist */; };
		6231772B1BC898D100A989B2 /* down_dark0.png in Resources */ = {isa = PBXBuildFile; fileRef = 623176BC1BC898D100A989B2 /* down_dark0.png */; };
		6231772C1BC898D100A989B2 /* screentshoot1.png in Resources */ = {isa = PBXBuildFile; fileRef = 623176BD1BC898D100A989B2 /* screentshoot1.png */; };
		6231772D1BC898D100A989B2 /* screentshoot2.png in Resources */ = {isa = PBXBuildFile; fileRef = 623176BE1BC898D100A989B2 /* screentshoot2.png */; };
		6231772E1BC898D100A989B2 /* LMComBoxView.m in Sources */ = {isa = PBXBuildFile; fileRef = 623176C11BC898D100A989B2 /* LMComBoxView.m */; };
		6231772F1BC898D100A989B2 /* LMContainsLMComboxScrollView.m in Sources */ = {isa = PBXBuildFile; fileRef = 623176C31BC898D100A989B2 /* LMContainsLMComboxScrollView.m */; };
		623177301BC898D100A989B2 /* JKSideSlipView.m in Sources */ = {isa = PBXBuildFile; fileRef = 623176C61BC898D100A989B2 /* JKSideSlipView.m */; };
		623177311BC898D100A989B2 /* MenuCell.m in Sources */ = {isa = PBXBuildFile; fileRef = 623176C81BC898D100A989B2 /* MenuCell.m */; };
		623177321BC898D100A989B2 /* MenuCell.xib in Resources */ = {isa = PBXBuildFile; fileRef = 623176C91BC898D100A989B2 /* MenuCell.xib */; };
		623177331BC898D100A989B2 /* MenuView.m in Sources */ = {isa = PBXBuildFile; fileRef = 623176CB1BC898D100A989B2 /* MenuView.m */; };
		623177341BC898D100A989B2 /* MenuView.xib in Resources */ = {isa = PBXBuildFile; fileRef = 623176CC1BC898D100A989B2 /* MenuView.xib */; };
		623177351BC898D100A989B2 /* LVModel.m in Sources */ = {isa = PBXBuildFile; fileRef = 623176CF1BC898D100A989B2 /* LVModel.m */; };
		623177361BC898D100A989B2 /* Info.plist in Resources */ = {isa = PBXBuildFile; fileRef = 623176D11BC898D100A989B2 /* Info.plist */; };
		623177371BC898D100A989B2 /* MASCompositeConstraint.m in Sources */ = {isa = PBXBuildFile; fileRef = 623176D31BC898D100A989B2 /* MASCompositeConstraint.m */; };
		623177381BC898D100A989B2 /* MASConstraint.m in Sources */ = {isa = PBXBuildFile; fileRef = 623176D61BC898D100A989B2 /* MASConstraint.m */; };
		623177391BC898D100A989B2 /* MASConstraintMaker.m in Sources */ = {isa = PBXBuildFile; fileRef = 623176D81BC898D100A989B2 /* MASConstraintMaker.m */; };
		6231773A1BC898D100A989B2 /* MASLayoutConstraint.m in Sources */ = {isa = PBXBuildFile; fileRef = 623176DA1BC898D100A989B2 /* MASLayoutConstraint.m */; };
		6231773B1BC898D100A989B2 /* MASViewAttribute.m in Sources */ = {isa = PBXBuildFile; fileRef = 623176DE1BC898D100A989B2 /* MASViewAttribute.m */; };
		6231773C1BC898D100A989B2 /* MASViewConstraint.m in Sources */ = {isa = PBXBuildFile; fileRef = 623176E01BC898D100A989B2 /* MASViewConstraint.m */; };
		6231773D1BC898D100A989B2 /* NSArray+MASAdditions.m in Sources */ = {isa = PBXBuildFile; fileRef = 623176E21BC898D100A989B2 /* NSArray+MASAdditions.m */; };
		6231773E1BC898D100A989B2 /* NSLayoutConstraint+MASDebugAdditions.m in Sources */ = {isa = PBXBuildFile; fileRef = 623176E51BC898D100A989B2 /* NSLayoutConstraint+MASDebugAdditions.m */; };
		6231773F1BC898D100A989B2 /* View+MASAdditions.m in Sources */ = {isa = PBXBuildFile; fileRef = 623176E71BC898D100A989B2 /* View+MASAdditions.m */; };
		623177401BC898D100A989B2 /* MHTextField.m in Sources */ = {isa = PBXBuildFile; fileRef = 623176EB1BC898D100A989B2 /* MHTextField.m */; };
		623177411BC898D100A989B2 /* MMMaterialDesignSpinner.m in Sources */ = {isa = PBXBuildFile; fileRef = 623176EE1BC898D100A989B2 /* MMMaterialDesignSpinner.m */; };
		623177421BC898D100A989B2 /* MYBlurIntroductionView.m in Sources */ = {isa = PBXBuildFile; fileRef = 623176F11BC898D100A989B2 /* MYBlurIntroductionView.m */; };
		623177431BC898D100A989B2 /* MYIntroductionPanel.m in Sources */ = {isa = PBXBuildFile; fileRef = 623176F31BC898D100A989B2 /* MYIntroductionPanel.m */; };
		623177441BC898D100A989B2 /* Info.plist in Resources */ = {isa = PBXBuildFile; fileRef = 623176F51BC898D100A989B2 /* Info.plist */; };
		623177451BC898D100A989B2 /* MZTimerLabel.m in Sources */ = {isa = PBXBuildFile; fileRef = 623176F71BC898D100A989B2 /* MZTimerLabel.m */; };
		623177461BC898D100A989B2 /* SliderSwitch.m in Sources */ = {isa = PBXBuildFile; fileRef = 623176FA1BC898D100A989B2 /* SliderSwitch.m */; };
		623177471BC898D100A989B2 /* .gitkeep in Resources */ = {isa = PBXBuildFile; fileRef = 623176FC1BC898D100A989B2 /* .gitkeep */; };
		623177481BC898D100A989B2 /* STAlertView.m in Sources */ = {isa = PBXBuildFile; fileRef = 623176FE1BC898D100A989B2 /* STAlertView.m */; };
		623177491BC898D100A989B2 /* SVIndefiniteAnimatedView.m in Sources */ = {isa = PBXBuildFile; fileRef = 623177011BC898D100A989B2 /* SVIndefiniteAnimatedView.m */; };
		6231774A1BC898D100A989B2 /* SVProgressHUD.bundle in Resources */ = {isa = PBXBuildFile; fileRef = 623177021BC898D100A989B2 /* SVProgressHUD.bundle */; };
		6231774B1BC898D100A989B2 /* SVProgressHUD.m in Sources */ = {isa = PBXBuildFile; fileRef = 623177041BC898D100A989B2 /* SVProgressHUD.m */; };
		6231774C1BC898D100A989B2 /* error@2x.png in Resources */ = {isa = PBXBuildFile; fileRef = 623177061BC898D100A989B2 /* error@2x.png */; };
		6231774D1BC898D100A989B2 /* TextFieldValidator.m in Sources */ = {isa = PBXBuildFile; fileRef = 623177081BC898D100A989B2 /* TextFieldValidator.m */; };
		6231774E1BC898D100A989B2 /* NSDate+convenience.m in Sources */ = {isa = PBXBuildFile; fileRef = 6231770B1BC898D100A989B2 /* NSDate+convenience.m */; };
		6231774F1BC898D100A989B2 /* NSMutableArray+convenience.m in Sources */ = {isa = PBXBuildFile; fileRef = 6231770D1BC898D100A989B2 /* NSMutableArray+convenience.m */; };
		623177501BC898D100A989B2 /* UIColor+expanded.m in Sources */ = {isa = PBXBuildFile; fileRef = 6231770F1BC898D100A989B2 /* UIColor+expanded.m */; };
		623177511BC898D100A989B2 /* UIView+convenience.m in Sources */ = {isa = PBXBuildFile; fileRef = 623177111BC898D100A989B2 /* UIView+convenience.m */; };
		623177521BC898D100A989B2 /* VRGCalendarView.m in Sources */ = {isa = PBXBuildFile; fileRef = 623177131BC898D100A989B2 /* VRGCalendarView.m */; };
		623177531BC898D100A989B2 /* chatView.m in Sources */ = {isa = PBXBuildFile; fileRef = 623177161BC898D100A989B2 /* chatView.m */; };
		623177541BC898D100A989B2 /* InfoView.m in Sources */ = {isa = PBXBuildFile; fileRef = 623177181BC898D100A989B2 /* InfoView.m */; };
		623177551BC898D100A989B2 /* UIKit+DrawingHelpers.m in Sources */ = {isa = PBXBuildFile; fileRef = 6231771A1BC898D100A989B2 /* UIKit+DrawingHelpers.m */; };
		623177571BC8998900A989B2 /* QuartzCore.framework in Frameworks */ = {isa = PBXBuildFile; fileRef = 623177561BC8998900A989B2 /* QuartzCore.framework */; };
		623177591BC8999300A989B2 /* MessageUI.framework in Frameworks */ = {isa = PBXBuildFile; fileRef = 623177581BC8999300A989B2 /* MessageUI.framework */; };
		6231775B1BC8999C00A989B2 /* CoreGraphics.framework in Frameworks */ = {isa = PBXBuildFile; fileRef = 6231775A1BC8999C00A989B2 /* CoreGraphics.framework */; };
		6231775D1BC899A500A989B2 /* Foundation.framework in Frameworks */ = {isa = PBXBuildFile; fileRef = 6231775C1BC899A500A989B2 /* Foundation.framework */; };
		6231775F1BC899AF00A989B2 /* UIKit.framework in Frameworks */ = {isa = PBXBuildFile; fileRef = 6231775E1BC899AF00A989B2 /* UIKit.framework */; };
		6276F6F71BFACA4100044A60 /* record.plist in Resources */ = {isa = PBXBuildFile; fileRef = 6276F6F61BFACA4100044A60 /* record.plist */; };
/* End PBXBuildFile section */

/* Begin PBXContainerItemProxy section */
		623176791BC896E800A989B2 /* PBXContainerItemProxy */ = {
			isa = PBXContainerItemProxy;
			containerPortal = 623176571BC896E800A989B2 /* Project object */;
			proxyType = 1;
			remoteGlobalIDString = 6231765E1BC896E800A989B2;
			remoteInfo = YGChatView;
		};
/* End PBXContainerItemProxy section */

/* Begin PBXFileReference section */
		6231765F1BC896E800A989B2 /* YGChatView.app */ = {isa = PBXFileReference; explicitFileType = wrapper.application; includeInIndex = 0; path = YGChatView.app; sourceTree = BUILT_PRODUCTS_DIR; };
		623176631BC896E800A989B2 /* main.m */ = {isa = PBXFileReference; lastKnownFileType = sourcecode.c.objc; path = main.m; sourceTree = "<group>"; };
		623176651BC896E800A989B2 /* AppDelegate.h */ = {isa = PBXFileReference; lastKnownFileType = sourcecode.c.h; path = AppDelegate.h; sourceTree = "<group>"; };
		623176661BC896E800A989B2 /* AppDelegate.m */ = {isa = PBXFileReference; lastKnownFileType = sourcecode.c.objc; path = AppDelegate.m; sourceTree = "<group>"; };
		623176681BC896E800A989B2 /* ViewController.h */ = {isa = PBXFileReference; lastKnownFileType = sourcecode.c.h; path = ViewController.h; sourceTree = "<group>"; };
		623176691BC896E800A989B2 /* ViewController.m */ = {isa = PBXFileReference; lastKnownFileType = sourcecode.c.objc; path = ViewController.m; sourceTree = "<group>"; };
		6231766C1BC896E800A989B2 /* Base */ = {isa = PBXFileReference; lastKnownFileType = file.storyboard; name = Base; path = Base.lproj/Main.storyboard; sourceTree = "<group>"; };
		6231766E1BC896E800A989B2 /* Assets.xcassets */ = {isa = PBXFileReference; lastKnownFileType = folder.assetcatalog; path = Assets.xcassets; sourceTree = "<group>"; };
		623176731BC896E800A989B2 /* Info.plist */ = {isa = PBXFileReference; lastKnownFileType = text.plist.xml; path = Info.plist; sourceTree = "<group>"; };
		623176781BC896E800A989B2 /* YGChatViewTests.xctest */ = {isa = PBXFileReference; explicitFileType = wrapper.cfbundle; includeInIndex = 0; path = YGChatViewTests.xctest; sourceTree = BUILT_PRODUCTS_DIR; };
		6231767C1BC896E800A989B2 /* YGChatViewTests.m */ = {isa = PBXFileReference; lastKnownFileType = sourcecode.c.objc; path = YGChatViewTests.m; sourceTree = "<group>"; };
		6231767E1BC896E800A989B2 /* Info.plist */ = {isa = PBXFileReference; lastKnownFileType = text.plist.xml; path = Info.plist; sourceTree = "<group>"; };
		623176871BC896E800A989B2 /* YGChatViewUITests.m */ = {isa = PBXFileReference; lastKnownFileType = sourcecode.c.objc; path = YGChatViewUITests.m; sourceTree = "<group>"; };
		623176891BC896E800A989B2 /* Info.plist */ = {isa = PBXFileReference; lastKnownFileType = text.plist.xml; path = Info.plist; sourceTree = "<group>"; };
		623176991BC898D000A989B2 /* AKPickerView.h */ = {isa = PBXFileReference; fileEncoding = 4; lastKnownFileType = sourcecode.c.h; path = AKPickerView.h; sourceTree = "<group>"; };
		6231769A1BC898D000A989B2 /* AKPickerView.m */ = {isa = PBXFileReference; fileEncoding = 4; lastKnownFileType = sourcecode.c.objc; path = AKPickerView.m; sourceTree = "<group>"; };
		6231769C1BC898D000A989B2 /* BabyBluetooth.h */ = {isa = PBXFileReference; fileEncoding = 4; lastKnownFileType = sourcecode.c.h; path = BabyBluetooth.h; sourceTree = "<group>"; };
		6231769D1BC898D000A989B2 /* BabyBluetooth.m */ = {isa = PBXFileReference; fileEncoding = 4; lastKnownFileType = sourcecode.c.objc; path = BabyBluetooth.m; sourceTree = "<group>"; };
		6231769E1BC898D000A989B2 /* BabyCallback.h */ = {isa = PBXFileReference; fileEncoding = 4; lastKnownFileType = sourcecode.c.h; path = BabyCallback.h; sourceTree = "<group>"; };
		6231769F1BC898D000A989B2 /* BabyCallback.m */ = {isa = PBXFileReference; fileEncoding = 4; lastKnownFileType = sourcecode.c.objc; path = BabyCallback.m; sourceTree = "<group>"; };
		623176A01BC898D000A989B2 /* BabyOptions.h */ = {isa = PBXFileReference; fileEncoding = 4; lastKnownFileType = sourcecode.c.h; path = BabyOptions.h; sourceTree = "<group>"; };
		623176A11BC898D000A989B2 /* BabyOptions.m */ = {isa = PBXFileReference; fileEncoding = 4; lastKnownFileType = sourcecode.c.objc; path = BabyOptions.m; sourceTree = "<group>"; };
		623176A21BC898D000A989B2 /* BabyRhythm.h */ = {isa = PBXFileReference; fileEncoding = 4; lastKnownFileType = sourcecode.c.h; path = BabyRhythm.h; sourceTree = "<group>"; };
		623176A31BC898D000A989B2 /* BabyRhythm.m */ = {isa = PBXFileReference; fileEncoding = 4; lastKnownFileType = sourcecode.c.objc; path = BabyRhythm.m; sourceTree = "<group>"; };
		623176A41BC898D000A989B2 /* Babysister.h */ = {isa = PBXFileReference; fileEncoding = 4; lastKnownFileType = sourcecode.c.h; path = Babysister.h; sourceTree = "<group>"; };
		623176A51BC898D000A989B2 /* Babysister.m */ = {isa = PBXFileReference; fileEncoding = 4; lastKnownFileType = sourcecode.c.objc; path = Babysister.m; sourceTree = "<group>"; };
		623176A61BC898D000A989B2 /* BabySpeaker.h */ = {isa = PBXFileReference; fileEncoding = 4; lastKnownFileType = sourcecode.c.h; path = BabySpeaker.h; sourceTree = "<group>"; };
		623176A71BC898D000A989B2 /* BabySpeaker.m */ = {isa = PBXFileReference; fileEncoding = 4; lastKnownFileType = sourcecode.c.objc; path = BabySpeaker.m; sourceTree = "<group>"; };
		623176A81BC898D000A989B2 /* BabyToy.h */ = {isa = PBXFileReference; fileEncoding = 4; lastKnownFileType = sourcecode.c.h; path = BabyToy.h; sourceTree = "<group>"; };
		623176A91BC898D000A989B2 /* BabyToy.m */ = {isa = PBXFileReference; fileEncoding = 4; lastKnownFileType = sourcecode.c.objc; path = BabyToy.m; sourceTree = "<group>"; };
		623176AB1BC898D000A989B2 /* BlurryModalSegue.h */ = {isa = PBXFileReference; fileEncoding = 4; lastKnownFileType = sourcecode.c.h; path = BlurryModalSegue.h; sourceTree = "<group>"; };
		623176AC1BC898D000A989B2 /* BlurryModalSegue.m */ = {isa = PBXFileReference; fileEncoding = 4; lastKnownFileType = sourcecode.c.objc; path = BlurryModalSegue.m; sourceTree = "<group>"; };
		623176AE1BC898D100A989B2 /* MZAppearance.h */ = {isa = PBXFileReference; fileEncoding = 4; lastKnownFileType = sourcecode.c.h; path = MZAppearance.h; sourceTree = "<group>"; };
		623176AF1BC898D100A989B2 /* MZAppearance.m */ = {isa = PBXFileReference; fileEncoding = 4; lastKnownFileType = sourcecode.c.objc; path = MZAppearance.m; sourceTree = "<group>"; };
		623176B01BC898D100A989B2 /* NSInvocation+Copy.h */ = {isa = PBXFileReference; fileEncoding = 4; lastKnownFileType = sourcecode.c.h; path = "NSInvocation+Copy.h"; sourceTree = "<group>"; };
		623176B11BC898D100A989B2 /* NSInvocation+Copy.m */ = {isa = PBXFileReference; fileEncoding = 4; lastKnownFileType = sourcecode.c.objc; path = "NSInvocation+Copy.m"; sourceTree = "<group>"; };
		623176B31BC898D100A989B2 /* LICENSE */ = {isa = PBXFileReference; fileEncoding = 4; lastKnownFileType = text; path = LICENSE; sourceTree = "<group>"; };
		623176B41BC898D100A989B2 /* README.md */ = {isa = PBXFileReference; fileEncoding = 4; lastKnownFileType = net.daringfireball.markdown; path = README.md; sourceTree = "<group>"; };
		623176B51BC898D100A989B2 /* UIImage+BlurredFrame.h */ = {isa = PBXFileReference; fileEncoding = 4; lastKnownFileType = sourcecode.c.h; path = "UIImage+BlurredFrame.h"; sourceTree = "<group>"; };
		623176B61BC898D100A989B2 /* UIImage+BlurredFrame.m */ = {isa = PBXFileReference; fileEncoding = 4; lastKnownFileType = sourcecode.c.objc; path = "UIImage+BlurredFrame.m"; sourceTree = "<group>"; };
		623176B71BC898D100A989B2 /* UIImage+ImageEffects.h */ = {isa = PBXFileReference; fileEncoding = 4; lastKnownFileType = sourcecode.c.h; path = "UIImage+ImageEffects.h"; sourceTree = "<group>"; };
		623176B81BC898D100A989B2 /* UIImage+ImageEffects.m */ = {isa = PBXFileReference; fileEncoding = 4; lastKnownFileType = sourcecode.c.objc; path = "UIImage+ImageEffects.m"; sourceTree = "<group>"; };
		623176BB1BC898D100A989B2 /* area.plist */ = {isa = PBXFileReference; fileEncoding = 4; lastKnownFileType = text.plist.xml; path = area.plist; sourceTree = "<group>"; };
		623176BC1BC898D100A989B2 /* down_dark0.png */ = {isa = PBXFileReference; lastKnownFileType = image.png; path = down_dark0.png; sourceTree = "<group>"; };
		623176BD1BC898D100A989B2 /* screentshoot1.png */ = {isa = PBXFileReference; lastKnownFileType = image.png; path = screentshoot1.png; sourceTree = "<group>"; };
		623176BE1BC898D100A989B2 /* screentshoot2.png */ = {isa = PBXFileReference; lastKnownFileType = image.png; path = screentshoot2.png; sourceTree = "<group>"; };
		623176C01BC898D100A989B2 /* LMComBoxView.h */ = {isa = PBXFileReference; fileEncoding = 4; lastKnownFileType = sourcecode.c.h; path = LMComBoxView.h; sourceTree = "<group>"; };
		623176C11BC898D100A989B2 /* LMComBoxView.m */ = {isa = PBXFileReference; fileEncoding = 4; lastKnownFileType = sourcecode.c.objc; path = LMComBoxView.m; sourceTree = "<group>"; };
		623176C21BC898D100A989B2 /* LMContainsLMComboxScrollView.h */ = {isa = PBXFileReference; fileEncoding = 4; lastKnownFileType = sourcecode.c.h; path = LMContainsLMComboxScrollView.h; sourceTree = "<group>"; };
		623176C31BC898D100A989B2 /* LMContainsLMComboxScrollView.m */ = {isa = PBXFileReference; fileEncoding = 4; lastKnownFileType = sourcecode.c.objc; path = LMContainsLMComboxScrollView.m; sourceTree = "<group>"; };
		623176C51BC898D100A989B2 /* JKSideSlipView.h */ = {isa = PBXFileReference; fileEncoding = 4; lastKnownFileType = sourcecode.c.h; path = JKSideSlipView.h; sourceTree = "<group>"; };
		623176C61BC898D100A989B2 /* JKSideSlipView.m */ = {isa = PBXFileReference; fileEncoding = 4; lastKnownFileType = sourcecode.c.objc; path = JKSideSlipView.m; sourceTree = "<group>"; };
		623176C71BC898D100A989B2 /* MenuCell.h */ = {isa = PBXFileReference; fileEncoding = 4; lastKnownFileType = sourcecode.c.h; path = MenuCell.h; sourceTree = "<group>"; };
		623176C81BC898D100A989B2 /* MenuCell.m */ = {isa = PBXFileReference; fileEncoding = 4; lastKnownFileType = sourcecode.c.objc; path = MenuCell.m; sourceTree = "<group>"; };
		623176C91BC898D100A989B2 /* MenuCell.xib */ = {isa = PBXFileReference; fileEncoding = 4; lastKnownFileType = file.xib; path = MenuCell.xib; sourceTree = "<group>"; };
		623176CA1BC898D100A989B2 /* MenuView.h */ = {isa = PBXFileReference; fileEncoding = 4; lastKnownFileType = sourcecode.c.h; path = MenuView.h; sourceTree = "<group>"; };
		623176CB1BC898D100A989B2 /* MenuView.m */ = {isa = PBXFileReference; fileEncoding = 4; lastKnownFileType = sourcecode.c.objc; path = MenuView.m; sourceTree = "<group>"; };
		623176CC1BC898D100A989B2 /* MenuView.xib */ = {isa = PBXFileReference; fileEncoding = 4; lastKnownFileType = file.xib; path = MenuView.xib; sourceTree = "<group>"; };
		623176CE1BC898D100A989B2 /* LVModel.h */ = {isa = PBXFileReference; fileEncoding = 4; lastKnownFileType = sourcecode.c.h; path = LVModel.h; sourceTree = "<group>"; };
		623176CF1BC898D100A989B2 /* LVModel.m */ = {isa = PBXFileReference; fileEncoding = 4; lastKnownFileType = sourcecode.c.objc; path = LVModel.m; sourceTree = "<group>"; };
		623176D11BC898D100A989B2 /* Info.plist */ = {isa = PBXFileReference; fileEncoding = 4; lastKnownFileType = text.plist.xml; path = Info.plist; sourceTree = "<group>"; };
		623176D21BC898D100A989B2 /* MASCompositeConstraint.h */ = {isa = PBXFileReference; fileEncoding = 4; lastKnownFileType = sourcecode.c.h; path = MASCompositeConstraint.h; sourceTree = "<group>"; };
		623176D31BC898D100A989B2 /* MASCompositeConstraint.m */ = {isa = PBXFileReference; fileEncoding = 4; lastKnownFileType = sourcecode.c.objc; path = MASCompositeConstraint.m; sourceTree = "<group>"; };
		623176D41BC898D100A989B2 /* MASConstraint+Private.h */ = {isa = PBXFileReference; fileEncoding = 4; lastKnownFileType = sourcecode.c.h; path = "MASConstraint+Private.h"; sourceTree = "<group>"; };
		623176D51BC898D100A989B2 /* MASConstraint.h */ = {isa = PBXFileReference; fileEncoding = 4; lastKnownFileType = sourcecode.c.h; path = MASConstraint.h; sourceTree = "<group>"; };
		623176D61BC898D100A989B2 /* MASConstraint.m */ = {isa = PBXFileReference; fileEncoding = 4; lastKnownFileType = sourcecode.c.objc; path = MASConstraint.m; sourceTree = "<group>"; };
		623176D71BC898D100A989B2 /* MASConstraintMaker.h */ = {isa = PBXFileReference; fileEncoding = 4; lastKnownFileType = sourcecode.c.h; path = MASConstraintMaker.h; sourceTree = "<group>"; };
		623176D81BC898D100A989B2 /* MASConstraintMaker.m */ = {isa = PBXFileReference; fileEncoding = 4; lastKnownFileType = sourcecode.c.objc; path = MASConstraintMaker.m; sourceTree = "<group>"; };
		623176D91BC898D100A989B2 /* MASLayoutConstraint.h */ = {isa = PBXFileReference; fileEncoding = 4; lastKnownFileType = sourcecode.c.h; path = MASLayoutConstraint.h; sourceTree = "<group>"; };
		623176DA1BC898D100A989B2 /* MASLayoutConstraint.m */ = {isa = PBXFileReference; fileEncoding = 4; lastKnownFileType = sourcecode.c.objc; path = MASLayoutConstraint.m; sourceTree = "<group>"; };
		623176DB1BC898D100A989B2 /* Masonry.h */ = {isa = PBXFileReference; fileEncoding = 4; lastKnownFileType = sourcecode.c.h; path = Masonry.h; sourceTree = "<group>"; };
		623176DC1BC898D100A989B2 /* MASUtilities.h */ = {isa = PBXFileReference; fileEncoding = 4; lastKnownFileType = sourcecode.c.h; path = MASUtilities.h; sourceTree = "<group>"; };
		623176DD1BC898D100A989B2 /* MASViewAttribute.h */ = {isa = PBXFileReference; fileEncoding = 4; lastKnownFileType = sourcecode.c.h; path = MASViewAttribute.h; sourceTree = "<group>"; };
		623176DE1BC898D100A989B2 /* MASViewAttribute.m */ = {isa = PBXFileReference; fileEncoding = 4; lastKnownFileType = sourcecode.c.objc; path = MASViewAttribute.m; sourceTree = "<group>"; };
		623176DF1BC898D100A989B2 /* MASViewConstraint.h */ = {isa = PBXFileReference; fileEncoding = 4; lastKnownFileType = sourcecode.c.h; path = MASViewConstraint.h; sourceTree = "<group>"; };
		623176E01BC898D100A989B2 /* MASViewConstraint.m */ = {isa = PBXFileReference; fileEncoding = 4; lastKnownFileType = sourcecode.c.objc; path = MASViewConstraint.m; sourceTree = "<group>"; };
		623176E11BC898D100A989B2 /* NSArray+MASAdditions.h */ = {isa = PBXFileReference; fileEncoding = 4; lastKnownFileType = sourcecode.c.h; path = "NSArray+MASAdditions.h"; sourceTree = "<group>"; };
		623176E21BC898D100A989B2 /* NSArray+MASAdditions.m */ = {isa = PBXFileReference; fileEncoding = 4; lastKnownFileType = sourcecode.c.objc; path = "NSArray+MASAdditions.m"; sourceTree = "<group>"; };
		623176E31BC898D100A989B2 /* NSArray+MASShorthandAdditions.h */ = {isa = PBXFileReference; fileEncoding = 4; lastKnownFileType = sourcecode.c.h; path = "NSArray+MASShorthandAdditions.h"; sourceTree = "<group>"; };
		623176E41BC898D100A989B2 /* NSLayoutConstraint+MASDebugAdditions.h */ = {isa = PBXFileReference; fileEncoding = 4; lastKnownFileType = sourcecode.c.h; path = "NSLayoutConstraint+MASDebugAdditions.h"; sourceTree = "<group>"; };
		623176E51BC898D100A989B2 /* NSLayoutConstraint+MASDebugAdditions.m */ = {isa = PBXFileReference; fileEncoding = 4; lastKnownFileType = sourcecode.c.objc; path = "NSLayoutConstraint+MASDebugAdditions.m"; sourceTree = "<group>"; };
		623176E61BC898D100A989B2 /* View+MASAdditions.h */ = {isa = PBXFileReference; fileEncoding = 4; lastKnownFileType = sourcecode.c.h; path = "View+MASAdditions.h"; sourceTree = "<group>"; };
		623176E71BC898D100A989B2 /* View+MASAdditions.m */ = {isa = PBXFileReference; fileEncoding = 4; lastKnownFileType = sourcecode.c.objc; path = "View+MASAdditions.m"; sourceTree = "<group>"; };
		623176E81BC898D100A989B2 /* View+MASShorthandAdditions.h */ = {isa = PBXFileReference; fileEncoding = 4; lastKnownFileType = sourcecode.c.h; path = "View+MASShorthandAdditions.h"; sourceTree = "<group>"; };
		623176EA1BC898D100A989B2 /* MHTextField.h */ = {isa = PBXFileReference; fileEncoding = 4; lastKnownFileType = sourcecode.c.h; path = MHTextField.h; sourceTree = "<group>"; };
		623176EB1BC898D100A989B2 /* MHTextField.m */ = {isa = PBXFileReference; fileEncoding = 4; lastKnownFileType = sourcecode.c.objc; path = MHTextField.m; sourceTree = "<group>"; };
		623176ED1BC898D100A989B2 /* MMMaterialDesignSpinner.h */ = {isa = PBXFileReference; fileEncoding = 4; lastKnownFileType = sourcecode.c.h; path = MMMaterialDesignSpinner.h; sourceTree = "<group>"; };
		623176EE1BC898D100A989B2 /* MMMaterialDesignSpinner.m */ = {isa = PBXFileReference; fileEncoding = 4; lastKnownFileType = sourcecode.c.objc; path = MMMaterialDesignSpinner.m; sourceTree = "<group>"; };
		623176F01BC898D100A989B2 /* MYBlurIntroductionView.h */ = {isa = PBXFileReference; fileEncoding = 4; lastKnownFileType = sourcecode.c.h; path = MYBlurIntroductionView.h; sourceTree = "<group>"; };
		623176F11BC898D100A989B2 /* MYBlurIntroductionView.m */ = {isa = PBXFileReference; fileEncoding = 4; lastKnownFileType = sourcecode.c.objc; path = MYBlurIntroductionView.m; sourceTree = "<group>"; };
		623176F21BC898D100A989B2 /* MYIntroductionPanel.h */ = {isa = PBXFileReference; fileEncoding = 4; lastKnownFileType = sourcecode.c.h; path = MYIntroductionPanel.h; sourceTree = "<group>"; };
		623176F31BC898D100A989B2 /* MYIntroductionPanel.m */ = {isa = PBXFileReference; fileEncoding = 4; lastKnownFileType = sourcecode.c.objc; path = MYIntroductionPanel.m; sourceTree = "<group>"; };
		623176F51BC898D100A989B2 /* Info.plist */ = {isa = PBXFileReference; fileEncoding = 4; lastKnownFileType = text.plist.xml; path = Info.plist; sourceTree = "<group>"; };
		623176F61BC898D100A989B2 /* MZTimerLabel.h */ = {isa = PBXFileReference; fileEncoding = 4; lastKnownFileType = sourcecode.c.h; path = MZTimerLabel.h; sourceTree = "<group>"; };
		623176F71BC898D100A989B2 /* MZTimerLabel.m */ = {isa = PBXFileReference; fileEncoding = 4; lastKnownFileType = sourcecode.c.objc; path = MZTimerLabel.m; sourceTree = "<group>"; };
		623176F91BC898D100A989B2 /* SliderSwitch.h */ = {isa = PBXFileReference; fileEncoding = 4; lastKnownFileType = sourcecode.c.h; path = SliderSwitch.h; sourceTree = "<group>"; };
		623176FA1BC898D100A989B2 /* SliderSwitch.m */ = {isa = PBXFileReference; fileEncoding = 4; lastKnownFileType = sourcecode.c.objc; path = SliderSwitch.m; sourceTree = "<group>"; };
		623176FC1BC898D100A989B2 /* .gitkeep */ = {isa = PBXFileReference; fileEncoding = 4; lastKnownFileType = text; path = .gitkeep; sourceTree = "<group>"; };
		623176FD1BC898D100A989B2 /* STAlertView.h */ = {isa = PBXFileReference; fileEncoding = 4; lastKnownFileType = sourcecode.c.h; path = STAlertView.h; sourceTree = "<group>"; };
		623176FE1BC898D100A989B2 /* STAlertView.m */ = {isa = PBXFileReference; fileEncoding = 4; lastKnownFileType = sourcecode.c.objc; path = STAlertView.m; sourceTree = "<group>"; };
		623177001BC898D100A989B2 /* SVIndefiniteAnimatedView.h */ = {isa = PBXFileReference; fileEncoding = 4; lastKnownFileType = sourcecode.c.h; path = SVIndefiniteAnimatedView.h; sourceTree = "<group>"; };
		623177011BC898D100A989B2 /* SVIndefiniteAnimatedView.m */ = {isa = PBXFileReference; fileEncoding = 4; lastKnownFileType = sourcecode.c.objc; path = SVIndefiniteAnimatedView.m; sourceTree = "<group>"; };
		623177021BC898D100A989B2 /* SVProgressHUD.bundle */ = {isa = PBXFileReference; lastKnownFileType = "wrapper.plug-in"; path = SVProgressHUD.bundle; sourceTree = "<group>"; };
		623177031BC898D100A989B2 /* SVProgressHUD.h */ = {isa = PBXFileReference; fileEncoding = 4; lastKnownFileType = sourcecode.c.h; path = SVProgressHUD.h; sourceTree = "<group>"; };
		623177041BC898D100A989B2 /* SVProgressHUD.m */ = {isa = PBXFileReference; fileEncoding = 4; lastKnownFileType = sourcecode.c.objc; path = SVProgressHUD.m; sourceTree = "<group>"; };
		623177061BC898D100A989B2 /* error@2x.png */ = {isa = PBXFileReference; lastKnownFileType = image.png; path = "error@2x.png"; sourceTree = "<group>"; };
		623177071BC898D100A989B2 /* TextFieldValidator.h */ = {isa = PBXFileReference; fileEncoding = 4; lastKnownFileType = sourcecode.c.h; path = TextFieldValidator.h; sourceTree = "<group>"; };
		623177081BC898D100A989B2 /* TextFieldValidator.m */ = {isa = PBXFileReference; fileEncoding = 4; lastKnownFileType = sourcecode.c.objc; path = TextFieldValidator.m; sourceTree = "<group>"; };
		6231770A1BC898D100A989B2 /* NSDate+convenience.h */ = {isa = PBXFileReference; fileEncoding = 4; lastKnownFileType = sourcecode.c.h; path = "NSDate+convenience.h"; sourceTree = "<group>"; };
		6231770B1BC898D100A989B2 /* NSDate+convenience.m */ = {isa = PBXFileReference; fileEncoding = 4; lastKnownFileType = sourcecode.c.objc; path = "NSDate+convenience.m"; sourceTree = "<group>"; };
		6231770C1BC898D100A989B2 /* NSMutableArray+convenience.h */ = {isa = PBXFileReference; fileEncoding = 4; lastKnownFileType = sourcecode.c.h; path = "NSMutableArray+convenience.h"; sourceTree = "<group>"; };
		6231770D1BC898D100A989B2 /* NSMutableArray+convenience.m */ = {isa = PBXFileReference; fileEncoding = 4; lastKnownFileType = sourcecode.c.objc; path = "NSMutableArray+convenience.m"; sourceTree = "<group>"; };
		6231770E1BC898D100A989B2 /* UIColor+expanded.h */ = {isa = PBXFileReference; fileEncoding = 4; lastKnownFileType = sourcecode.c.h; path = "UIColor+expanded.h"; sourceTree = "<group>"; };
		6231770F1BC898D100A989B2 /* UIColor+expanded.m */ = {isa = PBXFileReference; fileEncoding = 4; lastKnownFileType = sourcecode.c.objc; path = "UIColor+expanded.m"; sourceTree = "<group>"; };
		623177101BC898D100A989B2 /* UIView+convenience.h */ = {isa = PBXFileReference; fileEncoding = 4; lastKnownFileType = sourcecode.c.h; path = "UIView+convenience.h"; sourceTree = "<group>"; };
		623177111BC898D100A989B2 /* UIView+convenience.m */ = {isa = PBXFileReference; fileEncoding = 4; lastKnownFileType = sourcecode.c.objc; path = "UIView+convenience.m"; sourceTree = "<group>"; };
		623177121BC898D100A989B2 /* VRGCalendarView.h */ = {isa = PBXFileReference; fileEncoding = 4; lastKnownFileType = sourcecode.c.h; path = VRGCalendarView.h; sourceTree = "<group>"; };
		623177131BC898D100A989B2 /* VRGCalendarView.m */ = {isa = PBXFileReference; fileEncoding = 4; lastKnownFileType = sourcecode.c.objc; path = VRGCalendarView.m; sourceTree = "<group>"; };
		623177151BC898D100A989B2 /* chatView.h */ = {isa = PBXFileReference; fileEncoding = 4; lastKnownFileType = sourcecode.c.h; path = chatView.h; sourceTree = "<group>"; };
		623177161BC898D100A989B2 /* chatView.m */ = {isa = PBXFileReference; fileEncoding = 4; lastKnownFileType = sourcecode.c.objc; path = chatView.m; sourceTree = "<group>"; };
		623177171BC898D100A989B2 /* InfoView.h */ = {isa = PBXFileReference; fileEncoding = 4; lastKnownFileType = sourcecode.c.h; path = InfoView.h; sourceTree = "<group>"; };
		623177181BC898D100A989B2 /* InfoView.m */ = {isa = PBXFileReference; fileEncoding = 4; lastKnownFileType = sourcecode.c.objc; path = InfoView.m; sourceTree = "<group>"; };
		623177191BC898D100A989B2 /* UIKit+DrawingHelpers.h */ = {isa = PBXFileReference; fileEncoding = 4; lastKnownFileType = sourcecode.c.h; path = "UIKit+DrawingHelpers.h"; sourceTree = "<group>"; };
		6231771A1BC898D100A989B2 /* UIKit+DrawingHelpers.m */ = {isa = PBXFileReference; fileEncoding = 4; lastKnownFileType = sourcecode.c.objc; path = "UIKit+DrawingHelpers.m"; sourceTree = "<group>"; };
		623177561BC8998900A989B2 /* QuartzCore.framework */ = {isa = PBXFileReference; lastKnownFileType = wrapper.framework; name = QuartzCore.framework; path = System/Library/Frameworks/QuartzCore.framework; sourceTree = SDKROOT; };
		623177581BC8999300A989B2 /* MessageUI.framework */ = {isa = PBXFileReference; lastKnownFileType = wrapper.framework; name = MessageUI.framework; path = System/Library/Frameworks/MessageUI.framework; sourceTree = SDKROOT; };
		6231775A1BC8999C00A989B2 /* CoreGraphics.framework */ = {isa = PBXFileReference; lastKnownFileType = wrapper.framework; name = CoreGraphics.framework; path = System/Library/Frameworks/CoreGraphics.framework; sourceTree = SDKROOT; };
		6231775C1BC899A500A989B2 /* Foundation.framework */ = {isa = PBXFileReference; lastKnownFileType = wrapper.framework; name = Foundation.framework; path = System/Library/Frameworks/Foundation.framework; sourceTree = SDKROOT; };
		6231775E1BC899AF00A989B2 /* UIKit.framework */ = {isa = PBXFileReference; lastKnownFileType = wrapper.framework; name = UIKit.framework; path = System/Library/Frameworks/UIKit.framework; sourceTree = SDKROOT; };
		6276F6F61BFACA4100044A60 /* record.plist */ = {isa = PBXFileReference; fileEncoding = 4; lastKnownFileType = text.plist.xml; path = record.plist; sourceTree = "<group>"; };
/* End PBXFileReference section */

/* Begin PBXFrameworksBuildPhase section */
		6231765C1BC896E800A989B2 /* Frameworks */ = {
			isa = PBXFrameworksBuildPhase;
			buildActionMask = 2147483647;
			files = (
				6231775F1BC899AF00A989B2 /* UIKit.framework in Frameworks */,
				6231775D1BC899A500A989B2 /* Foundation.framework in Frameworks */,
				6231775B1BC8999C00A989B2 /* CoreGraphics.framework in Frameworks */,
				623177591BC8999300A989B2 /* MessageUI.framework in Frameworks */,
				623177571BC8998900A989B2 /* QuartzCore.framework in Frameworks */,
			);
			runOnlyForDeploymentPostprocessing = 0;
		};
		623176751BC896E800A989B2 /* Frameworks */ = {
			isa = PBXFrameworksBuildPhase;
			buildActionMask = 2147483647;
			files = (
			);
			runOnlyForDeploymentPostprocessing = 0;
		};
/* End PBXFrameworksBuildPhase section */

/* Begin PBXGroup section */
		623176561BC896E800A989B2 = {
			isa = PBXGroup;
			children = (
				623176611BC896E800A989B2 /* YGChatView */,
				6231767B1BC896E800A989B2 /* YGChatViewTests */,
				623176861BC896E800A989B2 /* YGChatViewUITests */,
				623176601BC896E800A989B2 /* Products */,
			);
			sourceTree = "<group>";
		};
		623176601BC896E800A989B2 /* Products */ = {
			isa = PBXGroup;
			children = (
				6231765F1BC896E800A989B2 /* YGChatView.app */,
				623176781BC896E800A989B2 /* YGChatViewTests.xctest */,
			);
			name = Products;
			sourceTree = "<group>";
		};
		623176611BC896E800A989B2 /* YGChatView */ = {
			isa = PBXGroup;
			children = (
				623176651BC896E800A989B2 /* AppDelegate.h */,
				623176661BC896E800A989B2 /* AppDelegate.m */,
				623176681BC896E800A989B2 /* ViewController.h */,
				623176691BC896E800A989B2 /* ViewController.m */,
				6231766B1BC896E800A989B2 /* Main.storyboard */,
				6231766E1BC896E800A989B2 /* Assets.xcassets */,
				623176731BC896E800A989B2 /* Info.plist */,
				623176971BC898D000A989B2 /* library */,
				623176621BC896E800A989B2 /* Supporting Files */,
				6276F6F61BFACA4100044A60 /* record.plist */,
			);
			path = YGChatView;
			sourceTree = "<group>";
		};
		623176621BC896E800A989B2 /* Supporting Files */ = {
			isa = PBXGroup;
			children = (
				6231775E1BC899AF00A989B2 /* UIKit.framework */,
				6231775C1BC899A500A989B2 /* Foundation.framework */,
				6231775A1BC8999C00A989B2 /* CoreGraphics.framework */,
				623177581BC8999300A989B2 /* MessageUI.framework */,
				623177561BC8998900A989B2 /* QuartzCore.framework */,
				623176631BC896E800A989B2 /* main.m */,
			);
			name = "Supporting Files";
			sourceTree = "<group>";
		};
		6231767B1BC896E800A989B2 /* YGChatViewTests */ = {
			isa = PBXGroup;
			children = (
				6231767C1BC896E800A989B2 /* YGChatViewTests.m */,
				6231767E1BC896E800A989B2 /* Info.plist */,
			);
			path = YGChatViewTests;
			sourceTree = "<group>";
		};
		623176861BC896E800A989B2 /* YGChatViewUITests */ = {
			isa = PBXGroup;
			children = (
				623176871BC896E800A989B2 /* YGChatViewUITests.m */,
				623176891BC896E800A989B2 /* Info.plist */,
			);
			path = YGChatViewUITests;
			sourceTree = "<group>";
		};
		623176971BC898D000A989B2 /* library */ = {
			isa = PBXGroup;
			children = (
				623176981BC898D000A989B2 /* AKPickerView */,
				6231769B1BC898D000A989B2 /* BabyBluetooth */,
				623176AA1BC898D000A989B2 /* BlurryModalSegue */,
				623176B91BC898D100A989B2 /* DropView */,
				623176C41BC898D100A989B2 /* JKSideSlipView */,
				623176CD1BC898D100A989B2 /* LVfmdb */,
				623176D01BC898D100A989B2 /* Masonry */,
				623176E91BC898D100A989B2 /* MHTextField */,
				623176EC1BC898D100A989B2 /* MMMaterialDesignSpinner */,
				623176EF1BC898D100A989B2 /* MYBlurIntroductionView */,
				623176F41BC898D100A989B2 /* MZTimerLabel */,
				623176F81BC898D100A989B2 /* SliderSwitch */,
				623176FB1BC898D100A989B2 /* STAlertView */,
				623176FF1BC898D100A989B2 /* SVProgressHUD */,
				623177051BC898D100A989B2 /* TextFieldValidator */,
				623177091BC898D100A989B2 /* VurigCalendar */,
				623177141BC898D100A989B2 /* YGChartLine */,
			);
			path = library;
			sourceTree = "<group>";
		};
		623176981BC898D000A989B2 /* AKPickerView */ = {
			isa = PBXGroup;
			children = (
				623176991BC898D000A989B2 /* AKPickerView.h */,
				6231769A1BC898D000A989B2 /* AKPickerView.m */,
			);
			path = AKPickerView;
			sourceTree = "<group>";
		};
		6231769B1BC898D000A989B2 /* BabyBluetooth */ = {
			isa = PBXGroup;
			children = (
				6231769C1BC898D000A989B2 /* BabyBluetooth.h */,
				6231769D1BC898D000A989B2 /* BabyBluetooth.m */,
				6231769E1BC898D000A989B2 /* BabyCallback.h */,
				6231769F1BC898D000A989B2 /* BabyCallback.m */,
				623176A01BC898D000A989B2 /* BabyOptions.h */,
				623176A11BC898D000A989B2 /* BabyOptions.m */,
				623176A21BC898D000A989B2 /* BabyRhythm.h */,
				623176A31BC898D000A989B2 /* BabyRhythm.m */,
				623176A41BC898D000A989B2 /* Babysister.h */,
				623176A51BC898D000A989B2 /* Babysister.m */,
				623176A61BC898D000A989B2 /* BabySpeaker.h */,
				623176A71BC898D000A989B2 /* BabySpeaker.m */,
				623176A81BC898D000A989B2 /* BabyToy.h */,
				623176A91BC898D000A989B2 /* BabyToy.m */,
			);
			path = BabyBluetooth;
			sourceTree = "<group>";
		};
		623176AA1BC898D000A989B2 /* BlurryModalSegue */ = {
			isa = PBXGroup;
			children = (
				623176AB1BC898D000A989B2 /* BlurryModalSegue.h */,
				623176AC1BC898D000A989B2 /* BlurryModalSegue.m */,
				623176AD1BC898D000A989B2 /* MZAppearance */,
				623176B21BC898D100A989B2 /* UIImage+BlurredFrame */,
			);
			path = BlurryModalSegue;
			sourceTree = "<group>";
		};
		623176AD1BC898D000A989B2 /* MZAppearance */ = {
			isa = PBXGroup;
			children = (
				623176AE1BC898D100A989B2 /* MZAppearance.h */,
				623176AF1BC898D100A989B2 /* MZAppearance.m */,
				623176B01BC898D100A989B2 /* NSInvocation+Copy.h */,
				623176B11BC898D100A989B2 /* NSInvocation+Copy.m */,
			);
			path = MZAppearance;
			sourceTree = "<group>";
		};
		623176B21BC898D100A989B2 /* UIImage+BlurredFrame */ = {
			isa = PBXGroup;
			children = (
				623176B31BC898D100A989B2 /* LICENSE */,
				623176B41BC898D100A989B2 /* README.md */,
				623176B51BC898D100A989B2 /* UIImage+BlurredFrame.h */,
				623176B61BC898D100A989B2 /* UIImage+BlurredFrame.m */,
				623176B71BC898D100A989B2 /* UIImage+ImageEffects.h */,
				623176B81BC898D100A989B2 /* UIImage+ImageEffects.m */,
			);
			path = "UIImage+BlurredFrame";
			sourceTree = "<group>";
		};
		623176B91BC898D100A989B2 /* DropView */ = {
			isa = PBXGroup;
			children = (
				623176BA1BC898D100A989B2 /* Data */,
				623176BF1BC898D100A989B2 /* LMComBox */,
			);
			path = DropView;
			sourceTree = "<group>";
		};
		623176BA1BC898D100A989B2 /* Data */ = {
			isa = PBXGroup;
			children = (
				623176BB1BC898D100A989B2 /* area.plist */,
				623176BC1BC898D100A989B2 /* down_dark0.png */,
				623176BD1BC898D100A989B2 /* screentshoot1.png */,
				623176BE1BC898D100A989B2 /* screentshoot2.png */,
			);
			path = Data;
			sourceTree = "<group>";
		};
		623176BF1BC898D100A989B2 /* LMComBox */ = {
			isa = PBXGroup;
			children = (
				623176C01BC898D100A989B2 /* LMComBoxView.h */,
				623176C11BC898D100A989B2 /* LMComBoxView.m */,
				623176C21BC898D100A989B2 /* LMContainsLMComboxScrollView.h */,
				623176C31BC898D100A989B2 /* LMContainsLMComboxScrollView.m */,
			);
			path = LMComBox;
			sourceTree = "<group>";
		};
		623176C41BC898D100A989B2 /* JKSideSlipView */ = {
			isa = PBXGroup;
			children = (
				623176C51BC898D100A989B2 /* JKSideSlipView.h */,
				623176C61BC898D100A989B2 /* JKSideSlipView.m */,
				623176C71BC898D100A989B2 /* MenuCell.h */,
				623176C81BC898D100A989B2 /* MenuCell.m */,
				623176C91BC898D100A989B2 /* MenuCell.xib */,
				623176CA1BC898D100A989B2 /* MenuView.h */,
				623176CB1BC898D100A989B2 /* MenuView.m */,
				623176CC1BC898D100A989B2 /* MenuView.xib */,
			);
			path = JKSideSlipView;
			sourceTree = "<group>";
		};
		623176CD1BC898D100A989B2 /* LVfmdb */ = {
			isa = PBXGroup;
			children = (
				623176CE1BC898D100A989B2 /* LVModel.h */,
				623176CF1BC898D100A989B2 /* LVModel.m */,
			);
			path = LVfmdb;
			sourceTree = "<group>";
		};
		623176D01BC898D100A989B2 /* Masonry */ = {
			isa = PBXGroup;
			children = (
				623176D11BC898D100A989B2 /* Info.plist */,
				623176D21BC898D100A989B2 /* MASCompositeConstraint.h */,
				623176D31BC898D100A989B2 /* MASCompositeConstraint.m */,
				623176D41BC898D100A989B2 /* MASConstraint+Private.h */,
				623176D51BC898D100A989B2 /* MASConstraint.h */,
				623176D61BC898D100A989B2 /* MASConstraint.m */,
				623176D71BC898D100A989B2 /* MASConstraintMaker.h */,
				623176D81BC898D100A989B2 /* MASConstraintMaker.m */,
				623176D91BC898D100A989B2 /* MASLayoutConstraint.h */,
				623176DA1BC898D100A989B2 /* MASLayoutConstraint.m */,
				623176DB1BC898D100A989B2 /* Masonry.h */,
				623176DC1BC898D100A989B2 /* MASUtilities.h */,
				623176DD1BC898D100A989B2 /* MASViewAttribute.h */,
				623176DE1BC898D100A989B2 /* MASViewAttribute.m */,
				623176DF1BC898D100A989B2 /* MASViewConstraint.h */,
				623176E01BC898D100A989B2 /* MASViewConstraint.m */,
				623176E11BC898D100A989B2 /* NSArray+MASAdditions.h */,
				623176E21BC898D100A989B2 /* NSArray+MASAdditions.m */,
				623176E31BC898D100A989B2 /* NSArray+MASShorthandAdditions.h */,
				623176E41BC898D100A989B2 /* NSLayoutConstraint+MASDebugAdditions.h */,
				623176E51BC898D100A989B2 /* NSLayoutConstraint+MASDebugAdditions.m */,
				623176E61BC898D100A989B2 /* View+MASAdditions.h */,
				623176E71BC898D100A989B2 /* View+MASAdditions.m */,
				623176E81BC898D100A989B2 /* View+MASShorthandAdditions.h */,
			);
			path = Masonry;
			sourceTree = "<group>";
		};
		623176E91BC898D100A989B2 /* MHTextField */ = {
			isa = PBXGroup;
			children = (
				623176EA1BC898D100A989B2 /* MHTextField.h */,
				623176EB1BC898D100A989B2 /* MHTextField.m */,
			);
			path = MHTextField;
			sourceTree = "<group>";
		};
		623176EC1BC898D100A989B2 /* MMMaterialDesignSpinner */ = {
			isa = PBXGroup;
			children = (
				623176ED1BC898D100A989B2 /* MMMaterialDesignSpinner.h */,
				623176EE1BC898D100A989B2 /* MMMaterialDesignSpinner.m */,
			);
			path = MMMaterialDesignSpinner;
			sourceTree = "<group>";
		};
		623176EF1BC898D100A989B2 /* MYBlurIntroductionView */ = {
			isa = PBXGroup;
			children = (
				623176F01BC898D100A989B2 /* MYBlurIntroductionView.h */,
				623176F11BC898D100A989B2 /* MYBlurIntroductionView.m */,
				623176F21BC898D100A989B2 /* MYIntroductionPanel.h */,
				623176F31BC898D100A989B2 /* MYIntroductionPanel.m */,
			);
			path = MYBlurIntroductionView;
			sourceTree = "<group>";
		};
		623176F41BC898D100A989B2 /* MZTimerLabel */ = {
			isa = PBXGroup;
			children = (
				623176F51BC898D100A989B2 /* Info.plist */,
				623176F61BC898D100A989B2 /* MZTimerLabel.h */,
				623176F71BC898D100A989B2 /* MZTimerLabel.m */,
			);
			path = MZTimerLabel;
			sourceTree = "<group>";
		};
		623176F81BC898D100A989B2 /* SliderSwitch */ = {
			isa = PBXGroup;
			children = (
				623176F91BC898D100A989B2 /* SliderSwitch.h */,
				623176FA1BC898D100A989B2 /* SliderSwitch.m */,
			);
			path = SliderSwitch;
			sourceTree = "<group>";
		};
		623176FB1BC898D100A989B2 /* STAlertView */ = {
			isa = PBXGroup;
			children = (
				623176FC1BC898D100A989B2 /* .gitkeep */,
				623176FD1BC898D100A989B2 /* STAlertView.h */,
				623176FE1BC898D100A989B2 /* STAlertView.m */,
			);
			path = STAlertView;
			sourceTree = "<group>";
		};
		623176FF1BC898D100A989B2 /* SVProgressHUD */ = {
			isa = PBXGroup;
			children = (
				623177001BC898D100A989B2 /* SVIndefiniteAnimatedView.h */,
				623177011BC898D100A989B2 /* SVIndefiniteAnimatedView.m */,
				623177021BC898D100A989B2 /* SVProgressHUD.bundle */,
				623177031BC898D100A989B2 /* SVProgressHUD.h */,
				623177041BC898D100A989B2 /* SVProgressHUD.m */,
			);
			path = SVProgressHUD;
			sourceTree = "<group>";
		};
		623177051BC898D100A989B2 /* TextFieldValidator */ = {
			isa = PBXGroup;
			children = (
				623177061BC898D100A989B2 /* error@2x.png */,
				623177071BC898D100A989B2 /* TextFieldValidator.h */,
				623177081BC898D100A989B2 /* TextFieldValidator.m */,
			);
			path = TextFieldValidator;
			sourceTree = "<group>";
		};
		623177091BC898D100A989B2 /* VurigCalendar */ = {
			isa = PBXGroup;
			children = (
				6231770A1BC898D100A989B2 /* NSDate+convenience.h */,
				6231770B1BC898D100A989B2 /* NSDate+convenience.m */,
				6231770C1BC898D100A989B2 /* NSMutableArray+convenience.h */,
				6231770D1BC898D100A989B2 /* NSMutableArray+convenience.m */,
				6231770E1BC898D100A989B2 /* UIColor+expanded.h */,
				6231770F1BC898D100A989B2 /* UIColor+expanded.m */,
				623177101BC898D100A989B2 /* UIView+convenience.h */,
				623177111BC898D100A989B2 /* UIView+convenience.m */,
				623177121BC898D100A989B2 /* VRGCalendarView.h */,
				623177131BC898D100A989B2 /* VRGCalendarView.m */,
			);
			path = VurigCalendar;
			sourceTree = "<group>";
		};
		623177141BC898D100A989B2 /* YGChartLine */ = {
			isa = PBXGroup;
			children = (
				623177151BC898D100A989B2 /* chatView.h */,
				623177161BC898D100A989B2 /* chatView.m */,
				623177171BC898D100A989B2 /* InfoView.h */,
				623177181BC898D100A989B2 /* InfoView.m */,
				623177191BC898D100A989B2 /* UIKit+DrawingHelpers.h */,
				6231771A1BC898D100A989B2 /* UIKit+DrawingHelpers.m */,
			);
			path = YGChartLine;
			sourceTree = "<group>";
		};
/* End PBXGroup section */

/* Begin PBXNativeTarget section */
		6231765E1BC896E800A989B2 /* YGChatView */ = {
			isa = PBXNativeTarget;
			buildConfigurationList = 6231768C1BC896E800A989B2 /* Build configuration list for PBXNativeTarget "YGChatView" */;
			buildPhases = (
				6231765B1BC896E800A989B2 /* Sources */,
				6231765C1BC896E800A989B2 /* Frameworks */,
				6231765D1BC896E800A989B2 /* Resources */,
			);
			buildRules = (
			);
			dependencies = (
			);
			name = YGChatView;
			productName = YGChatView;
			productReference = 6231765F1BC896E800A989B2 /* YGChatView.app */;
			productType = "com.apple.product-type.application";
		};
		623176771BC896E800A989B2 /* YGChatViewTests */ = {
			isa = PBXNativeTarget;
			buildConfigurationList = 6231768F1BC896E800A989B2 /* Build configuration list for PBXNativeTarget "YGChatViewTests" */;
			buildPhases = (
				623176741BC896E800A989B2 /* Sources */,
				623176751BC896E800A989B2 /* Frameworks */,
				623176761BC896E800A989B2 /* Resources */,
			);
			buildRules = (
			);
			dependencies = (
				6231767A1BC896E800A989B2 /* PBXTargetDependency */,
			);
			name = YGChatViewTests;
			productName = YGChatViewTests;
			productReference = 623176781BC896E800A989B2 /* YGChatViewTests.xctest */;
			productType = "com.apple.product-type.bundle.unit-test";
		};
/* End PBXNativeTarget section */

/* Begin PBXProject section */
		623176571BC896E800A989B2 /* Project object */ = {
			isa = PBXProject;
			attributes = {
				LastUpgradeCheck = 0700;
				ORGANIZATIONNAME = "徐永刚";
				TargetAttributes = {
					6231765E1BC896E800A989B2 = {
						CreatedOnToolsVersion = 7.0;
						DevelopmentTeam = 62G84Z3MVG;
					};
					623176771BC896E800A989B2 = {
						CreatedOnToolsVersion = 7.0;
						TestTargetID = 6231765E1BC896E800A989B2;
					};
				};
			};
			buildConfigurationList = 6231765A1BC896E800A989B2 /* Build configuration list for PBXProject "YGChatView" */;
			compatibilityVersion = "Xcode 3.2";
			developmentRegion = English;
			hasScannedForEncodings = 0;
			knownRegions = (
				en,
				Base,
			);
			mainGroup = 623176561BC896E800A989B2;
			productRefGroup = 623176601BC896E800A989B2 /* Products */;
			projectDirPath = "";
			projectRoot = "";
			targets = (
				6231765E1BC896E800A989B2 /* YGChatView */,
				623176771BC896E800A989B2 /* YGChatViewTests */,
			);
		};
/* End PBXProject section */

/* Begin PBXResourcesBuildPhase section */
		6231765D1BC896E800A989B2 /* Resources */ = {
			isa = PBXResourcesBuildPhase;
			buildActionMask = 2147483647;
			files = (
				6231772C1BC898D100A989B2 /* screentshoot1.png in Resources */,
				6231772A1BC898D100A989B2 /* area.plist in Resources */,
				623177321BC898D100A989B2 /* MenuCell.xib in Resources */,
				6231766F1BC896E800A989B2 /* Assets.xcassets in Resources */,
				6276F6F71BFACA4100044A60 /* record.plist in Resources */,
				623177261BC898D100A989B2 /* LICENSE in Resources */,
				6231774C1BC898D100A989B2 /* error@2x.png in Resources */,
				6231772B1BC898D100A989B2 /* down_dark0.png in Resources */,
				6231774A1BC898D100A989B2 /* SVProgressHUD.bundle in Resources */,
				623177341BC898D100A989B2 /* MenuView.xib in Resources */,
				623177471BC898D100A989B2 /* .gitkeep in Resources */,
				623177441BC898D100A989B2 /* Info.plist in Resources */,
				623177361BC898D100A989B2 /* Info.plist in Resources */,
				6231766D1BC896E800A989B2 /* Main.storyboard in Resources */,
				6231772D1BC898D100A989B2 /* screentshoot2.png in Resources */,
			);
			runOnlyForDeploymentPostprocessing = 0;
		};
		623176761BC896E800A989B2 /* Resources */ = {
			isa = PBXResourcesBuildPhase;
			buildActionMask = 2147483647;
			files = (
			);
			runOnlyForDeploymentPostprocessing = 0;
		};
/* End PBXResourcesBuildPhase section */

/* Begin PBXSourcesBuildPhase section */
		6231765B1BC896E800A989B2 /* Sources */ = {
			isa = PBXSourcesBuildPhase;
			buildActionMask = 2147483647;
			files = (
				623177531BC898D100A989B2 /* chatView.m in Sources */,
				623177431BC898D100A989B2 /* MYIntroductionPanel.m in Sources */,
				6231773C1BC898D100A989B2 /* MASViewConstraint.m in Sources */,
				6231766A1BC896E800A989B2 /* ViewController.m in Sources */,
				623177401BC898D100A989B2 /* MHTextField.m in Sources */,
				6231773D1BC898D100A989B2 /* NSArray+MASAdditions.m in Sources */,
				6231773B1BC898D100A989B2 /* MASViewAttribute.m in Sources */,
				623177241BC898D100A989B2 /* MZAppearance.m in Sources */,
				623177221BC898D100A989B2 /* BabyToy.m in Sources */,
				6231771F1BC898D100A989B2 /* BabyRhythm.m in Sources */,
				623177371BC898D100A989B2 /* MASCompositeConstraint.m in Sources */,
				623177201BC898D100A989B2 /* Babysister.m in Sources */,
				623177351BC898D100A989B2 /* LVModel.m in Sources */,
				6231771C1BC898D100A989B2 /* BabyBluetooth.m in Sources */,
				623177411BC898D100A989B2 /* MMMaterialDesignSpinner.m in Sources */,
				6231771E1BC898D100A989B2 /* BabyOptions.m in Sources */,
				623177381BC898D100A989B2 /* MASConstraint.m in Sources */,
				623177541BC898D100A989B2 /* InfoView.m in Sources */,
				6231774D1BC898D100A989B2 /* TextFieldValidator.m in Sources */,
				623176671BC896E800A989B2 /* AppDelegate.m in Sources */,
				623177311BC898D100A989B2 /* MenuCell.m in Sources */,
				623177551BC898D100A989B2 /* UIKit+DrawingHelpers.m in Sources */,
				623177281BC898D100A989B2 /* UIImage+BlurredFrame.m in Sources */,
				623177501BC898D100A989B2 /* UIColor+expanded.m in Sources */,
				6231774E1BC898D100A989B2 /* NSDate+convenience.m in Sources */,
				623177451BC898D100A989B2 /* MZTimerLabel.m in Sources */,
				6231771B1BC898D100A989B2 /* AKPickerView.m in Sources */,
				623177211BC898D100A989B2 /* BabySpeaker.m in Sources */,
				6231772E1BC898D100A989B2 /* LMComBoxView.m in Sources */,
				6231774B1BC898D100A989B2 /* SVProgressHUD.m in Sources */,
				6231773A1BC898D100A989B2 /* MASLayoutConstraint.m in Sources */,
				6231773F1BC898D100A989B2 /* View+MASAdditions.m in Sources */,
				623177301BC898D100A989B2 /* JKSideSlipView.m in Sources */,
				623177461BC898D100A989B2 /* SliderSwitch.m in Sources */,
				6231771D1BC898D100A989B2 /* BabyCallback.m in Sources */,
				623177511BC898D100A989B2 /* UIView+convenience.m in Sources */,
				623176641BC896E800A989B2 /* main.m in Sources */,
				6231772F1BC898D100A989B2 /* LMContainsLMComboxScrollView.m in Sources */,
				6231774F1BC898D100A989B2 /* NSMutableArray+convenience.m in Sources */,
				6231773E1BC898D100A989B2 /* NSLayoutConstraint+MASDebugAdditions.m in Sources */,
				623177481BC898D100A989B2 /* STAlertView.m in Sources */,
				623177331BC898D100A989B2 /* MenuView.m in Sources */,
				623177391BC898D100A989B2 /* MASConstraintMaker.m in Sources */,
				623177521BC898D100A989B2 /* VRGCalendarView.m in Sources */,
				623177271BC898D100A989B2 /* README.md in Sources */,
				623177491BC898D100A989B2 /* SVIndefiniteAnimatedView.m in Sources */,
				623177231BC898D100A989B2 /* BlurryModalSegue.m in Sources */,
				623177421BC898D100A989B2 /* MYBlurIntroductionView.m in Sources */,
				623177251BC898D100A989B2 /* NSInvocation+Copy.m in Sources */,
				623177291BC898D100A989B2 /* UIImage+ImageEffects.m in Sources */,
			);
			runOnlyForDeploymentPostprocessing = 0;
		};
		623176741BC896E800A989B2 /* Sources */ = {
			isa = PBXSourcesBuildPhase;
			buildActionMask = 2147483647;
			files = (
				6231767D1BC896E800A989B2 /* YGChatViewTests.m in Sources */,
			);
			runOnlyForDeploymentPostprocessing = 0;
		};
/* End PBXSourcesBuildPhase section */

/* Begin PBXTargetDependency section */
		6231767A1BC896E800A989B2 /* PBXTargetDependency */ = {
			isa = PBXTargetDependency;
			target = 6231765E1BC896E800A989B2 /* YGChatView */;
			targetProxy = 623176791BC896E800A989B2 /* PBXContainerItemProxy */;
		};
/* End PBXTargetDependency section */

/* Begin PBXVariantGroup section */
		6231766B1BC896E800A989B2 /* Main.storyboard */ = {
			isa = PBXVariantGroup;
			children = (
				6231766C1BC896E800A989B2 /* Base */,
			);
			name = Main.storyboard;
			sourceTree = "<group>";
		};
/* End PBXVariantGroup section */

/* Begin XCBuildConfiguration section */
		6231768A1BC896E800A989B2 /* Debug */ = {
			isa = XCBuildConfiguration;
			buildSettings = {
				ALWAYS_SEARCH_USER_PATHS = NO;
				CLANG_CXX_LANGUAGE_STANDARD = "gnu++0x";
				CLANG_CXX_LIBRARY = "libc++";
				CLANG_ENABLE_MODULES = YES;
				CLANG_ENABLE_OBJC_ARC = YES;
				CLANG_WARN_BOOL_CONVERSION = YES;
				CLANG_WARN_CONSTANT_CONVERSION = YES;
				CLANG_WARN_DIRECT_OBJC_ISA_USAGE = YES_ERROR;
				CLANG_WARN_EMPTY_BODY = YES;
				CLANG_WARN_ENUM_CONVERSION = YES;
				CLANG_WARN_INT_CONVERSION = YES;
				CLANG_WARN_OBJC_ROOT_CLASS = YES_ERROR;
				CLANG_WARN_UNREACHABLE_CODE = YES;
				CLANG_WARN__DUPLICATE_METHOD_MATCH = YES;
				"CODE_SIGN_IDENTITY[sdk=iphoneos*]" = "iPhone Developer";
				COPY_PHASE_STRIP = NO;
				DEBUG_INFORMATION_FORMAT = dwarf;
				ENABLE_STRICT_OBJC_MSGSEND = YES;
				ENABLE_TESTABILITY = YES;
				GCC_C_LANGUAGE_STANDARD = gnu99;
				GCC_DYNAMIC_NO_PIC = NO;
				GCC_NO_COMMON_BLOCKS = YES;
				GCC_OPTIMIZATION_LEVEL = 0;
				GCC_PREPROCESSOR_DEFINITIONS = (
					"DEBUG=1",
					"$(inherited)",
				);
				GCC_WARN_64_TO_32_BIT_CONVERSION = YES;
				GCC_WARN_ABOUT_RETURN_TYPE = YES_ERROR;
				GCC_WARN_UNDECLARED_SELECTOR = YES;
				GCC_WARN_UNINITIALIZED_AUTOS = YES_AGGRESSIVE;
				GCC_WARN_UNUSED_FUNCTION = YES;
				GCC_WARN_UNUSED_VARIABLE = YES;
				IPHONEOS_DEPLOYMENT_TARGET = 9.0;
				MTL_ENABLE_DEBUG_INFO = YES;
				ONLY_ACTIVE_ARCH = YES;
				SDKROOT = iphoneos;
				TARGETED_DEVICE_FAMILY = "1,2";
			};
			name = Debug;
		};
		6231768B1BC896E800A989B2 /* Release */ = {
			isa = XCBuildConfiguration;
			buildSettings = {
				ALWAYS_SEARCH_USER_PATHS = NO;
				CLANG_CXX_LANGUAGE_STANDARD = "gnu++0x";
				CLANG_CXX_LIBRARY = "libc++";
				CLANG_ENABLE_MODULES = YES;
				CLANG_ENABLE_OBJC_ARC = YES;
				CLANG_WARN_BOOL_CONVERSION = YES;
				CLANG_WARN_CONSTANT_CONVERSION = YES;
				CLANG_WARN_DIRECT_OBJC_ISA_USAGE = YES_ERROR;
				CLANG_WARN_EMPTY_BODY = YES;
				CLANG_WARN_ENUM_CONVERSION = YES;
				CLANG_WARN_INT_CONVERSION = YES;
				CLANG_WARN_OBJC_ROOT_CLASS = YES_ERROR;
				CLANG_WARN_UNREACHABLE_CODE = YES;
				CLANG_WARN__DUPLICATE_METHOD_MATCH = YES;
				"CODE_SIGN_IDENTITY[sdk=iphoneos*]" = "iPhone Developer";
				COPY_PHASE_STRIP = NO;
				DEBUG_INFORMATION_FORMAT = "dwarf-with-dsym";
				ENABLE_NS_ASSERTIONS = NO;
				ENABLE_STRICT_OBJC_MSGSEND = YES;
				GCC_C_LANGUAGE_STANDARD = gnu99;
				GCC_NO_COMMON_BLOCKS = YES;
				GCC_WARN_64_TO_32_BIT_CONVERSION = YES;
				GCC_WARN_ABOUT_RETURN_TYPE = YES_ERROR;
				GCC_WARN_UNDECLARED_SELECTOR = YES;
				GCC_WARN_UNINITIALIZED_AUTOS = YES_AGGRESSIVE;
				GCC_WARN_UNUSED_FUNCTION = YES;
				GCC_WARN_UNUSED_VARIABLE = YES;
				IPHONEOS_DEPLOYMENT_TARGET = 9.0;
				MTL_ENABLE_DEBUG_INFO = NO;
				SDKROOT = iphoneos;
				TARGETED_DEVICE_FAMILY = "1,2";
				VALIDATE_PRODUCT = YES;
			};
			name = Release;
		};
		6231768D1BC896E800A989B2 /* Debug */ = {
			isa = XCBuildConfiguration;
			buildSettings = {
				ASSETCATALOG_COMPILER_APPICON_NAME = AppIcon;
				CODE_SIGN_IDENTITY = "iPhone Developer";
				INFOPLIST_FILE = YGChatView/Info.plist;
				IPHONEOS_DEPLOYMENT_TARGET = 8.1;
				LD_RUNPATH_SEARCH_PATHS = "$(inherited) @executable_path/Frameworks";
				PRODUCT_BUNDLE_IDENTIFIER = xC.YGChatView;
				PRODUCT_NAME = "$(TARGET_NAME)";
				TARGETED_DEVICE_FAMILY = 1;
			};
			name = Debug;
		};
		6231768E1BC896E800A989B2 /* Release */ = {
			isa = XCBuildConfiguration;
			buildSettings = {
				ASSETCATALOG_COMPILER_APPICON_NAME = AppIcon;
				CODE_SIGN_IDENTITY = "iPhone Developer";
				INFOPLIST_FILE = YGChatView/Info.plist;
				IPHONEOS_DEPLOYMENT_TARGET = 8.1;
				LD_RUNPATH_SEARCH_PATHS = "$(inherited) @executable_path/Frameworks";
				PRODUCT_BUNDLE_IDENTIFIER = xC.YGChatView;
				PRODUCT_NAME = "$(TARGET_NAME)";
				TARGETED_DEVICE_FAMILY = 1;
			};
			name = Release;
		};
		623176901BC896E800A989B2 /* Debug */ = {
			isa = XCBuildConfiguration;
			buildSettings = {
				BUNDLE_LOADER = "$(TEST_HOST)";
				INFOPLIST_FILE = YGChatViewTests/Info.plist;
				LD_RUNPATH_SEARCH_PATHS = "$(inherited) @executable_path/Frameworks @loader_path/Frameworks";
				PRODUCT_BUNDLE_IDENTIFIER = xC.YGChatViewTests;
				PRODUCT_NAME = "$(TARGET_NAME)";
				TEST_HOST = "$(BUILT_PRODUCTS_DIR)/YGChatView.app/YGChatView";
			};
			name = Debug;
		};
		623176911BC896E800A989B2 /* Release */ = {
			isa = XCBuildConfiguration;
			buildSettings = {
				BUNDLE_LOADER = "$(TEST_HOST)";
				INFOPLIST_FILE = YGChatViewTests/Info.plist;
				LD_RUNPATH_SEARCH_PATHS = "$(inherited) @executable_path/Frameworks @loader_path/Frameworks";
				PRODUCT_BUNDLE_IDENTIFIER = xC.YGChatViewTests;
				PRODUCT_NAME = "$(TARGET_NAME)";
				TEST_HOST = "$(BUILT_PRODUCTS_DIR)/YGChatView.app/YGChatView";
			};
			name = Release;
		};
/* End XCBuildConfiguration section */

/* Begin XCConfigurationList section */
		6231765A1BC896E800A989B2 /* Build configuration list for PBXProject "YGChatView" */ = {
			isa = XCConfigurationList;
			buildConfigurations = (
				6231768A1BC896E800A989B2 /* Debug */,
				6231768B1BC896E800A989B2 /* Release */,
			);
			defaultConfigurationIsVisible = 0;
			defaultConfigurationName = Release;
		};
		6231768C1BC896E800A989B2 /* Build configuration list for PBXNativeTarget "YGChatView" */ = {
			isa = XCConfigurationList;
			buildConfigurations = (
				6231768D1BC896E800A989B2 /* Debug */,
				6231768E1BC896E800A989B2 /* Release */,
			);
			defaultConfigurationIsVisible = 0;
			defaultConfigurationName = Release;
		};
		6231768F1BC896E800A989B2 /* Build configuration list for PBXNativeTarget "YGChatViewTests" */ = {
			isa = XCConfigurationList;
			buildConfigurations = (
				623176901BC896E800A989B2 /* Debug */,
				623176911BC896E800A989B2 /* Release */,
			);
			defaultConfigurationIsVisible = 0;
			defaultConfigurationName = Release;
		};
/* End XCConfigurationList section */
	};
	rootObject = 623176571BC896E800A989B2 /* Project object */;
}
